// !$*UTF8*$!
{
	archiveVersion = 1;
	classes = {
	};
	objectVersion = 50;
	objects = {

/* Begin PBXBuildFile section */
		05056AC322A37E0A006F7A59 /* SDWViewController.swift in Sources */ = {isa = PBXBuildFile; fileRef = 05056AC122A37E0A006F7A59 /* SDWViewController.swift */; };
		05056AC422A37E0A006F7A59 /* SDWViewController.xib in Resources */ = {isa = PBXBuildFile; fileRef = 05056AC222A37E0A006F7A59 /* SDWViewController.xib */; };
		05056AC822A3820B006F7A59 /* GANormalizeScanViewController.swift in Sources */ = {isa = PBXBuildFile; fileRef = 05056AC622A3820B006F7A59 /* GANormalizeScanViewController.swift */; };
		05056AC922A3820B006F7A59 /* GANormalizeScanViewController.xib in Resources */ = {isa = PBXBuildFile; fileRef = 05056AC722A3820B006F7A59 /* GANormalizeScanViewController.xib */; };
		05056AFE22A3AB49006F7A59 /* UITableView+Extension.swift in Sources */ = {isa = PBXBuildFile; fileRef = 05056AFC22A3AB49006F7A59 /* UITableView+Extension.swift */; };
		05056AFF22A3AB49006F7A59 /* UITableViewCell+Extension.swift in Sources */ = {isa = PBXBuildFile; fileRef = 05056AFD22A3AB49006F7A59 /* UITableViewCell+Extension.swift */; };
		05056B0A22A3AE0A006F7A59 /* CodeScan.bundle in Resources */ = {isa = PBXBuildFile; fileRef = 05056B0122A3AE0A006F7A59 /* CodeScan.bundle */; };
		05056B0B22A3AE0A006F7A59 /* LBXPermissions.swift in Sources */ = {isa = PBXBuildFile; fileRef = 05056B0322A3AE0A006F7A59 /* LBXPermissions.swift */; };
		05056B0C22A3AE0A006F7A59 /* LBXScanLineAnimation.swift in Sources */ = {isa = PBXBuildFile; fileRef = 05056B0422A3AE0A006F7A59 /* LBXScanLineAnimation.swift */; };
		05056B0D22A3AE0A006F7A59 /* LBXScanNetAnimation.swift in Sources */ = {isa = PBXBuildFile; fileRef = 05056B0522A3AE0A006F7A59 /* LBXScanNetAnimation.swift */; };
		05056B0E22A3AE0A006F7A59 /* LBXScanView.swift in Sources */ = {isa = PBXBuildFile; fileRef = 05056B0622A3AE0A006F7A59 /* LBXScanView.swift */; };
		05056B0F22A3AE0A006F7A59 /* LBXScanViewController.swift in Sources */ = {isa = PBXBuildFile; fileRef = 05056B0722A3AE0A006F7A59 /* LBXScanViewController.swift */; };
		05056B1022A3AE0A006F7A59 /* LBXScanViewStyle.swift in Sources */ = {isa = PBXBuildFile; fileRef = 05056B0822A3AE0A006F7A59 /* LBXScanViewStyle.swift */; };
		05056B1122A3AE0A006F7A59 /* LBXScanWrapper.swift in Sources */ = {isa = PBXBuildFile; fileRef = 05056B0922A3AE0A006F7A59 /* LBXScanWrapper.swift */; };
		DC4D90AB22427E1E0068AD05 /* AppDelegate.swift in Sources */ = {isa = PBXBuildFile; fileRef = DC4D90AA22427E1E0068AD05 /* AppDelegate.swift */; };
		DC4D90AD22427E1E0068AD05 /* ViewController.swift in Sources */ = {isa = PBXBuildFile; fileRef = DC4D90AC22427E1E0068AD05 /* ViewController.swift */; };
		DC4D90B022427E1E0068AD05 /* Main.storyboard in Resources */ = {isa = PBXBuildFile; fileRef = DC4D90AE22427E1E0068AD05 /* Main.storyboard */; };
		DC4D90B222427E1F0068AD05 /* Assets.xcassets in Resources */ = {isa = PBXBuildFile; fileRef = DC4D90B122427E1F0068AD05 /* Assets.xcassets */; };
		DC4D90B522427E1F0068AD05 /* LaunchScreen.storyboard in Resources */ = {isa = PBXBuildFile; fileRef = DC4D90B322427E1F0068AD05 /* LaunchScreen.storyboard */; };
		DC4D90F1224282880068AD05 /* GANormalizeOther+Class.swift in Sources */ = {isa = PBXBuildFile; fileRef = DC4D90DD224282880068AD05 /* GANormalizeOther+Class.swift */; };
		DC4D90F2224282880068AD05 /* GANormalizeOther+Enum.swift in Sources */ = {isa = PBXBuildFile; fileRef = DC4D90DE224282880068AD05 /* GANormalizeOther+Enum.swift */; };
		DC4D90F3224282880068AD05 /* GANormalizeOther+Extension.swift in Sources */ = {isa = PBXBuildFile; fileRef = DC4D90DF224282880068AD05 /* GANormalizeOther+Extension.swift */; };
		DC4D90F4224282880068AD05 /* GANormalizeOther.swift in Sources */ = {isa = PBXBuildFile; fileRef = DC4D90E0224282880068AD05 /* GANormalizeOther.swift */; };
		DC4D90F5224282880068AD05 /* GANormalizeNavigationView.xib in Resources */ = {isa = PBXBuildFile; fileRef = DC4D90E4224282880068AD05 /* GANormalizeNavigationView.xib */; };
		DC4D90F6224282880068AD05 /* GANormalizeNavigationView.swift in Sources */ = {isa = PBXBuildFile; fileRef = DC4D90E5224282880068AD05 /* GANormalizeNavigationView.swift */; };
		DC4D90F7224282880068AD05 /* GANormalizeTabbarView.xib in Resources */ = {isa = PBXBuildFile; fileRef = DC4D90E7224282880068AD05 /* GANormalizeTabbarView.xib */; };
		DC4D90F8224282880068AD05 /* GANormalizeTabbarView.swift in Sources */ = {isa = PBXBuildFile; fileRef = DC4D90E8224282880068AD05 /* GANormalizeTabbarView.swift */; };
		DC4D90F9224282880068AD05 /* YYXibTabBarItem.swift in Sources */ = {isa = PBXBuildFile; fileRef = DC4D90E9224282880068AD05 /* YYXibTabBarItem.swift */; };
		DC4D90FA224282880068AD05 /* GANormalizeNavigationViewController.swift in Sources */ = {isa = PBXBuildFile; fileRef = DC4D90EB224282880068AD05 /* GANormalizeNavigationViewController.swift */; };
		DC4D90FB224282880068AD05 /* GANormalizeBaseViewController.swift in Sources */ = {isa = PBXBuildFile; fileRef = DC4D90EC224282880068AD05 /* GANormalizeBaseViewController.swift */; };
		DC4D90FC224282880068AD05 /* GANormalizeTabBarViewController.swift in Sources */ = {isa = PBXBuildFile; fileRef = DC4D90ED224282880068AD05 /* GANormalizeTabBarViewController.swift */; };
		DC4D90FD224282880068AD05 /* GANormalizeBaseCollectionViewController.swift in Sources */ = {isa = PBXBuildFile; fileRef = DC4D90EE224282880068AD05 /* GANormalizeBaseCollectionViewController.swift */; };
		DC4D90FE224282880068AD05 /* GANormalizeBaseTableViewController.swift in Sources */ = {isa = PBXBuildFile; fileRef = DC4D90EF224282880068AD05 /* GANormalizeBaseTableViewController.swift */; };
		DC4D90FF224282880068AD05 /* GANormalizeBaseProtocol.swift in Sources */ = {isa = PBXBuildFile; fileRef = DC4D90F0224282880068AD05 /* GANormalizeBaseProtocol.swift */; };
		DC4D9103224325B80068AD05 /* PXTabbarViewController.swift in Sources */ = {isa = PBXBuildFile; fileRef = DC4D9102224325B80068AD05 /* PXTabbarViewController.swift */; };
		DC4D9105224333810068AD05 /* PXTabbarView.swift in Sources */ = {isa = PBXBuildFile; fileRef = DC4D9104224333810068AD05 /* PXTabbarView.swift */; };
		DC4D91072243339D0068AD05 /* PXTabbarView.xib in Resources */ = {isa = PBXBuildFile; fileRef = DC4D91062243339D0068AD05 /* PXTabbarView.xib */; };
/* End PBXBuildFile section */

/* Begin PBXFileReference section */
		05056AC122A37E0A006F7A59 /* SDWViewController.swift */ = {isa = PBXFileReference; lastKnownFileType = sourcecode.swift; path = SDWViewController.swift; sourceTree = "<group>"; };
		05056AC222A37E0A006F7A59 /* SDWViewController.xib */ = {isa = PBXFileReference; lastKnownFileType = file.xib; path = SDWViewController.xib; sourceTree = "<group>"; };
		05056AC622A3820B006F7A59 /* GANormalizeScanViewController.swift */ = {isa = PBXFileReference; fileEncoding = 4; lastKnownFileType = sourcecode.swift; path = GANormalizeScanViewController.swift; sourceTree = "<group>"; };
		05056AC722A3820B006F7A59 /* GANormalizeScanViewController.xib */ = {isa = PBXFileReference; fileEncoding = 4; lastKnownFileType = file.xib; path = GANormalizeScanViewController.xib; sourceTree = "<group>"; };
		05056AFC22A3AB49006F7A59 /* UITableView+Extension.swift */ = {isa = PBXFileReference; fileEncoding = 4; lastKnownFileType = sourcecode.swift; path = "UITableView+Extension.swift"; sourceTree = "<group>"; };
		05056AFD22A3AB49006F7A59 /* UITableViewCell+Extension.swift */ = {isa = PBXFileReference; fileEncoding = 4; lastKnownFileType = sourcecode.swift; path = "UITableViewCell+Extension.swift"; sourceTree = "<group>"; };
		05056B0122A3AE0A006F7A59 /* CodeScan.bundle */ = {isa = PBXFileReference; lastKnownFileType = "wrapper.plug-in"; path = CodeScan.bundle; sourceTree = "<group>"; };
		05056B0322A3AE0A006F7A59 /* LBXPermissions.swift */ = {isa = PBXFileReference; fileEncoding = 4; lastKnownFileType = sourcecode.swift; path = LBXPermissions.swift; sourceTree = "<group>"; };
		05056B0422A3AE0A006F7A59 /* LBXScanLineAnimation.swift */ = {isa = PBXFileReference; fileEncoding = 4; lastKnownFileType = sourcecode.swift; path = LBXScanLineAnimation.swift; sourceTree = "<group>"; };
		05056B0522A3AE0A006F7A59 /* LBXScanNetAnimation.swift */ = {isa = PBXFileReference; fileEncoding = 4; lastKnownFileType = sourcecode.swift; path = LBXScanNetAnimation.swift; sourceTree = "<group>"; };
		05056B0622A3AE0A006F7A59 /* LBXScanView.swift */ = {isa = PBXFileReference; fileEncoding = 4; lastKnownFileType = sourcecode.swift; path = LBXScanView.swift; sourceTree = "<group>"; };
		05056B0722A3AE0A006F7A59 /* LBXScanViewController.swift */ = {isa = PBXFileReference; fileEncoding = 4; lastKnownFileType = sourcecode.swift; path = LBXScanViewController.swift; sourceTree = "<group>"; };
		05056B0822A3AE0A006F7A59 /* LBXScanViewStyle.swift */ = {isa = PBXFileReference; fileEncoding = 4; lastKnownFileType = sourcecode.swift; path = LBXScanViewStyle.swift; sourceTree = "<group>"; };
		05056B0922A3AE0A006F7A59 /* LBXScanWrapper.swift */ = {isa = PBXFileReference; fileEncoding = 4; lastKnownFileType = sourcecode.swift; path = LBXScanWrapper.swift; sourceTree = "<group>"; };
		DC4D90A722427E1E0068AD05 /* ZhengHeFramework.app */ = {isa = PBXFileReference; explicitFileType = wrapper.application; includeInIndex = 0; path = ZhengHeFramework.app; sourceTree = BUILT_PRODUCTS_DIR; };
		DC4D90AA22427E1E0068AD05 /* AppDelegate.swift */ = {isa = PBXFileReference; lastKnownFileType = sourcecode.swift; path = AppDelegate.swift; sourceTree = "<group>"; };
		DC4D90AC22427E1E0068AD05 /* ViewController.swift */ = {isa = PBXFileReference; lastKnownFileType = sourcecode.swift; path = ViewController.swift; sourceTree = "<group>"; };
		DC4D90AF22427E1E0068AD05 /* Base */ = {isa = PBXFileReference; lastKnownFileType = file.storyboard; name = Base; path = Base.lproj/Main.storyboard; sourceTree = "<group>"; };
		DC4D90B122427E1F0068AD05 /* Assets.xcassets */ = {isa = PBXFileReference; lastKnownFileType = folder.assetcatalog; path = Assets.xcassets; sourceTree = "<group>"; };
		DC4D90B422427E1F0068AD05 /* Base */ = {isa = PBXFileReference; lastKnownFileType = file.storyboard; name = Base; path = Base.lproj/LaunchScreen.storyboard; sourceTree = "<group>"; };
		DC4D90B622427E1F0068AD05 /* Info.plist */ = {isa = PBXFileReference; lastKnownFileType = text.plist.xml; path = Info.plist; sourceTree = "<group>"; };
		DC4D90DD224282880068AD05 /* GANormalizeOther+Class.swift */ = {isa = PBXFileReference; fileEncoding = 4; lastKnownFileType = sourcecode.swift; path = "GANormalizeOther+Class.swift"; sourceTree = "<group>"; };
		DC4D90DE224282880068AD05 /* GANormalizeOther+Enum.swift */ = {isa = PBXFileReference; fileEncoding = 4; lastKnownFileType = sourcecode.swift; path = "GANormalizeOther+Enum.swift"; sourceTree = "<group>"; };
		DC4D90DF224282880068AD05 /* GANormalizeOther+Extension.swift */ = {isa = PBXFileReference; fileEncoding = 4; lastKnownFileType = sourcecode.swift; path = "GANormalizeOther+Extension.swift"; sourceTree = "<group>"; };
		DC4D90E0224282880068AD05 /* GANormalizeOther.swift */ = {isa = PBXFileReference; fileEncoding = 4; lastKnownFileType = sourcecode.swift; path = GANormalizeOther.swift; sourceTree = "<group>"; };
		DC4D90E4224282880068AD05 /* GANormalizeNavigationView.xib */ = {isa = PBXFileReference; fileEncoding = 4; lastKnownFileType = file.xib; path = GANormalizeNavigationView.xib; sourceTree = "<group>"; };
		DC4D90E5224282880068AD05 /* GANormalizeNavigationView.swift */ = {isa = PBXFileReference; fileEncoding = 4; lastKnownFileType = sourcecode.swift; path = GANormalizeNavigationView.swift; sourceTree = "<group>"; };
		DC4D90E7224282880068AD05 /* GANormalizeTabbarView.xib */ = {isa = PBXFileReference; fileEncoding = 4; lastKnownFileType = file.xib; path = GANormalizeTabbarView.xib; sourceTree = "<group>"; };
		DC4D90E8224282880068AD05 /* GANormalizeTabbarView.swift */ = {isa = PBXFileReference; fileEncoding = 4; lastKnownFileType = sourcecode.swift; path = GANormalizeTabbarView.swift; sourceTree = "<group>"; };
		DC4D90E9224282880068AD05 /* YYXibTabBarItem.swift */ = {isa = PBXFileReference; fileEncoding = 4; lastKnownFileType = sourcecode.swift; path = YYXibTabBarItem.swift; sourceTree = "<group>"; };
		DC4D90EB224282880068AD05 /* GANormalizeNavigationViewController.swift */ = {isa = PBXFileReference; fileEncoding = 4; lastKnownFileType = sourcecode.swift; path = GANormalizeNavigationViewController.swift; sourceTree = "<group>"; };
		DC4D90EC224282880068AD05 /* GANormalizeBaseViewController.swift */ = {isa = PBXFileReference; fileEncoding = 4; lastKnownFileType = sourcecode.swift; path = GANormalizeBaseViewController.swift; sourceTree = "<group>"; };
		DC4D90ED224282880068AD05 /* GANormalizeTabBarViewController.swift */ = {isa = PBXFileReference; fileEncoding = 4; lastKnownFileType = sourcecode.swift; path = GANormalizeTabBarViewController.swift; sourceTree = "<group>"; };
		DC4D90EE224282880068AD05 /* GANormalizeBaseCollectionViewController.swift */ = {isa = PBXFileReference; fileEncoding = 4; lastKnownFileType = sourcecode.swift; path = GANormalizeBaseCollectionViewController.swift; sourceTree = "<group>"; };
		DC4D90EF224282880068AD05 /* GANormalizeBaseTableViewController.swift */ = {isa = PBXFileReference; fileEncoding = 4; lastKnownFileType = sourcecode.swift; path = GANormalizeBaseTableViewController.swift; sourceTree = "<group>"; };
		DC4D90F0224282880068AD05 /* GANormalizeBaseProtocol.swift */ = {isa = PBXFileReference; fileEncoding = 4; lastKnownFileType = sourcecode.swift; path = GANormalizeBaseProtocol.swift; sourceTree = "<group>"; };
		DC4D9102224325B80068AD05 /* PXTabbarViewController.swift */ = {isa = PBXFileReference; lastKnownFileType = sourcecode.swift; path = PXTabbarViewController.swift; sourceTree = "<group>"; };
		DC4D9104224333810068AD05 /* PXTabbarView.swift */ = {isa = PBXFileReference; lastKnownFileType = sourcecode.swift; path = PXTabbarView.swift; sourceTree = "<group>"; };
		DC4D91062243339D0068AD05 /* PXTabbarView.xib */ = {isa = PBXFileReference; lastKnownFileType = file.xib; path = PXTabbarView.xib; sourceTree = "<group>"; };
/* End PBXFileReference section */

/* Begin PBXFrameworksBuildPhase section */
		DC4D90A422427E1E0068AD05 /* Frameworks */ = {
			isa = PBXFrameworksBuildPhase;
			buildActionMask = 2147483647;
			files = (
			);
			runOnlyForDeploymentPostprocessing = 0;
		};
/* End PBXFrameworksBuildPhase section */

/* Begin PBXGroup section */
		05056ADC22A3833B006F7A59 /* sdwVCS */ = {
			isa = PBXGroup;
			children = (
				05056AC622A3820B006F7A59 /* GANormalizeScanViewController.swift */,
				05056AC722A3820B006F7A59 /* GANormalizeScanViewController.xib */,
			);
			path = sdwVCS;
			sourceTree = "<group>";
		};
		05056AFB22A3AB3C006F7A59 /* BaseExtension */ = {
			isa = PBXGroup;
			children = (
				05056AFC22A3AB49006F7A59 /* UITableView+Extension.swift */,
				05056AFD22A3AB49006F7A59 /* UITableViewCell+Extension.swift */,
			);
			path = BaseExtension;
			sourceTree = "<group>";
		};
		05056B0022A3AE0A006F7A59 /* swiftScan */ = {
			isa = PBXGroup;
			children = (
				05056B0122A3AE0A006F7A59 /* CodeScan.bundle */,
				05056B0222A3AE0A006F7A59 /* Source */,
			);
			path = swiftScan;
			sourceTree = "<group>";
		};
		05056B0222A3AE0A006F7A59 /* Source */ = {
			isa = PBXGroup;
			children = (
				05056B0322A3AE0A006F7A59 /* LBXPermissions.swift */,
				05056B0422A3AE0A006F7A59 /* LBXScanLineAnimation.swift */,
				05056B0522A3AE0A006F7A59 /* LBXScanNetAnimation.swift */,
				05056B0622A3AE0A006F7A59 /* LBXScanView.swift */,
				05056B0722A3AE0A006F7A59 /* LBXScanViewController.swift */,
				05056B0822A3AE0A006F7A59 /* LBXScanViewStyle.swift */,
				05056B0922A3AE0A006F7A59 /* LBXScanWrapper.swift */,
			);
			path = Source;
			sourceTree = "<group>";
		};
		DC4D909E22427E1E0068AD05 = {
			isa = PBXGroup;
			children = (
				DC4D90A922427E1E0068AD05 /* ZhengHeFramework */,
				DC4D90A822427E1E0068AD05 /* Products */,
			);
			sourceTree = "<group>";
		};
		DC4D90A822427E1E0068AD05 /* Products */ = {
			isa = PBXGroup;
			children = (
				DC4D90A722427E1E0068AD05 /* ZhengHeFramework.app */,
			);
			name = Products;
			sourceTree = "<group>";
		};
		DC4D90A922427E1E0068AD05 /* ZhengHeFramework */ = {
			isa = PBXGroup;
			children = (
				DC4D9100224325810068AD05 /* PX */,
				DC4D90DA224282880068AD05 /* ZhengHeFramework */,
				DC4D90AA22427E1E0068AD05 /* AppDelegate.swift */,
				DC4D90AC22427E1E0068AD05 /* ViewController.swift */,
				DC4D90AE22427E1E0068AD05 /* Main.storyboard */,
				DC4D90B122427E1F0068AD05 /* Assets.xcassets */,
				DC4D90B322427E1F0068AD05 /* LaunchScreen.storyboard */,
				DC4D90B622427E1F0068AD05 /* Info.plist */,
			);
			path = ZhengHeFramework;
			sourceTree = "<group>";
		};
		DC4D90DA224282880068AD05 /* ZhengHeFramework */ = {
			isa = PBXGroup;
			children = (
				DC4D90DB224282880068AD05 /* Configuration */,
				DC4D90E1224282880068AD05 /* Base */,
			);
			path = ZhengHeFramework;
			sourceTree = "<group>";
		};
		DC4D90DB224282880068AD05 /* Configuration */ = {
			isa = PBXGroup;
			children = (
				DC4D90DC224282880068AD05 /* Other */,
			);
			path = Configuration;
			sourceTree = "<group>";
		};
		DC4D90DC224282880068AD05 /* Other */ = {
			isa = PBXGroup;
			children = (
				DC4D90DD224282880068AD05 /* GANormalizeOther+Class.swift */,
				DC4D90DE224282880068AD05 /* GANormalizeOther+Enum.swift */,
				DC4D90DF224282880068AD05 /* GANormalizeOther+Extension.swift */,
				DC4D90E0224282880068AD05 /* GANormalizeOther.swift */,
			);
			path = Other;
			sourceTree = "<group>";
		};
		DC4D90E1224282880068AD05 /* Base */ = {
			isa = PBXGroup;
			children = (
				05056AFB22A3AB3C006F7A59 /* BaseExtension */,
				DC4D90E2224282880068AD05 /* BaseView */,
				DC4D90EA224282880068AD05 /* BaseVC */,
			);
			path = Base;
			sourceTree = "<group>";
		};
		DC4D90E2224282880068AD05 /* BaseView */ = {
			isa = PBXGroup;
			children = (
				05056B0022A3AE0A006F7A59 /* swiftScan */,
				DC4D90E3224282880068AD05 /* NavigationView */,
				DC4D90E6224282880068AD05 /* TabbarView */,
			);
			path = BaseView;
			sourceTree = "<group>";
		};
		DC4D90E3224282880068AD05 /* NavigationView */ = {
			isa = PBXGroup;
			children = (
				DC4D90E4224282880068AD05 /* GANormalizeNavigationView.xib */,
				DC4D90E5224282880068AD05 /* GANormalizeNavigationView.swift */,
			);
			path = NavigationView;
			sourceTree = "<group>";
		};
		DC4D90E6224282880068AD05 /* TabbarView */ = {
			isa = PBXGroup;
			children = (
				DC4D90E7224282880068AD05 /* GANormalizeTabbarView.xib */,
				DC4D90E8224282880068AD05 /* GANormalizeTabbarView.swift */,
				DC4D90E9224282880068AD05 /* YYXibTabBarItem.swift */,
			);
			path = TabbarView;
			sourceTree = "<group>";
		};
		DC4D90EA224282880068AD05 /* BaseVC */ = {
			isa = PBXGroup;
			children = (
				DC4D90EB224282880068AD05 /* GANormalizeNavigationViewController.swift */,
				DC4D90EC224282880068AD05 /* GANormalizeBaseViewController.swift */,
				DC4D90ED224282880068AD05 /* GANormalizeTabBarViewController.swift */,
				DC4D90EE224282880068AD05 /* GANormalizeBaseCollectionViewController.swift */,
				DC4D90EF224282880068AD05 /* GANormalizeBaseTableViewController.swift */,
				DC4D90F0224282880068AD05 /* GANormalizeBaseProtocol.swift */,
			);
			path = BaseVC;
			sourceTree = "<group>";
		};
		DC4D9100224325810068AD05 /* PX */ = {
			isa = PBXGroup;
			children = (
				05056ADC22A3833B006F7A59 /* sdwVCS */,
				DC4D9102224325B80068AD05 /* PXTabbarViewController.swift */,
				DC4D9104224333810068AD05 /* PXTabbarView.swift */,
				DC4D91062243339D0068AD05 /* PXTabbarView.xib */,
				05056AC122A37E0A006F7A59 /* SDWViewController.swift */,
				05056AC222A37E0A006F7A59 /* SDWViewController.xib */,
			);
			path = PX;
			sourceTree = "<group>";
		};
/* End PBXGroup section */

/* Begin PBXNativeTarget section */
		DC4D90A622427E1E0068AD05 /* ZhengHeFramework */ = {
			isa = PBXNativeTarget;
			buildConfigurationList = DC4D90B922427E1F0068AD05 /* Build configuration list for PBXNativeTarget "ZhengHeFramework" */;
			buildPhases = (
				DC4D90A322427E1E0068AD05 /* Sources */,
				DC4D90A422427E1E0068AD05 /* Frameworks */,
				DC4D90A522427E1E0068AD05 /* Resources */,
			);
			buildRules = (
			);
			dependencies = (
			);
			name = ZhengHeFramework;
			productName = ZhengHeFramework;
			productReference = DC4D90A722427E1E0068AD05 /* ZhengHeFramework.app */;
			productType = "com.apple.product-type.application";
		};
/* End PBXNativeTarget section */

/* Begin PBXProject section */
		DC4D909F22427E1E0068AD05 /* Project object */ = {
			isa = PBXProject;
			attributes = {
				LastSwiftUpdateCheck = 1010;
				LastUpgradeCheck = 1010;
				ORGANIZATIONNAME = houjianan;
				TargetAttributes = {
					DC4D90A622427E1E0068AD05 = {
						CreatedOnToolsVersion = 10.1;
					};
				};
			};
			buildConfigurationList = DC4D90A222427E1E0068AD05 /* Build configuration list for PBXProject "ZhengHeFramework" */;
			compatibilityVersion = "Xcode 9.3";
			developmentRegion = en;
			hasScannedForEncodings = 0;
			knownRegions = (
				en,
				Base,
			);
			mainGroup = DC4D909E22427E1E0068AD05;
			productRefGroup = DC4D90A822427E1E0068AD05 /* Products */;
			projectDirPath = "";
			projectRoot = "";
			targets = (
				DC4D90A622427E1E0068AD05 /* ZhengHeFramework */,
			);
		};
/* End PBXProject section */

/* Begin PBXResourcesBuildPhase section */
		DC4D90A522427E1E0068AD05 /* Resources */ = {
			isa = PBXResourcesBuildPhase;
			buildActionMask = 2147483647;
			files = (
				DC4D90F7224282880068AD05 /* GANormalizeTabbarView.xib in Resources */,
				DC4D90B522427E1F0068AD05 /* LaunchScreen.storyboard in Resources */,
				DC4D90B222427E1F0068AD05 /* Assets.xcassets in Resources */,
				DC4D90F5224282880068AD05 /* GANormalizeNavigationView.xib in Resources */,
				05056AC422A37E0A006F7A59 /* SDWViewController.xib in Resources */,
				05056AC922A3820B006F7A59 /* GANormalizeScanViewController.xib in Resources */,
				DC4D91072243339D0068AD05 /* PXTabbarView.xib in Resources */,
				05056B0A22A3AE0A006F7A59 /* CodeScan.bundle in Resources */,
				DC4D90B022427E1E0068AD05 /* Main.storyboard in Resources */,
			);
			runOnlyForDeploymentPostprocessing = 0;
		};
/* End PBXResourcesBuildPhase section */

/* Begin PBXSourcesBuildPhase section */
		DC4D90A322427E1E0068AD05 /* Sources */ = {
			isa = PBXSourcesBuildPhase;
			buildActionMask = 2147483647;
			files = (
				DC4D90F1224282880068AD05 /* GANormalizeOther+Class.swift in Sources */,
				DC4D90F9224282880068AD05 /* YYXibTabBarItem.swift in Sources */,
				DC4D90F2224282880068AD05 /* GANormalizeOther+Enum.swift in Sources */,
				DC4D9105224333810068AD05 /* PXTabbarView.swift in Sources */,
				DC4D90F4224282880068AD05 /* GANormalizeOther.swift in Sources */,
				DC4D90FF224282880068AD05 /* GANormalizeBaseProtocol.swift in Sources */,
				05056B0E22A3AE0A006F7A59 /* LBXScanView.swift in Sources */,
				DC4D90F3224282880068AD05 /* GANormalizeOther+Extension.swift in Sources */,
				05056B0C22A3AE0A006F7A59 /* LBXScanLineAnimation.swift in Sources */,
				05056B0B22A3AE0A006F7A59 /* LBXPermissions.swift in Sources */,
				05056AFF22A3AB49006F7A59 /* UITableViewCell+Extension.swift in Sources */,
				DC4D90AD22427E1E0068AD05 /* ViewController.swift in Sources */,
				DC4D90F6224282880068AD05 /* GANormalizeNavigationView.swift in Sources */,
				05056AFE22A3AB49006F7A59 /* UITableView+Extension.swift in Sources */,
				05056B1022A3AE0A006F7A59 /* LBXScanViewStyle.swift in Sources */,
				DC4D90F8224282880068AD05 /* GANormalizeTabbarView.swift in Sources */,
				DC4D90FE224282880068AD05 /* GANormalizeBaseTableViewController.swift in Sources */,
				DC4D9103224325B80068AD05 /* PXTabbarViewController.swift in Sources */,
				DC4D90FC224282880068AD05 /* GANormalizeTabBarViewController.swift in Sources */,
				DC4D90FB224282880068AD05 /* GANormalizeBaseViewController.swift in Sources */,
				05056AC822A3820B006F7A59 /* GANormalizeScanViewController.swift in Sources */,
				05056B0F22A3AE0A006F7A59 /* LBXScanViewController.swift in Sources */,
				DC4D90FA224282880068AD05 /* GANormalizeNavigationViewController.swift in Sources */,
				05056B1122A3AE0A006F7A59 /* LBXScanWrapper.swift in Sources */,
				05056AC322A37E0A006F7A59 /* SDWViewController.swift in Sources */,
				DC4D90AB22427E1E0068AD05 /* AppDelegate.swift in Sources */,
				05056B0D22A3AE0A006F7A59 /* LBXScanNetAnimation.swift in Sources */,
				DC4D90FD224282880068AD05 /* GANormalizeBaseCollectionViewController.swift in Sources */,
			);
			runOnlyForDeploymentPostprocessing = 0;
		};
/* End PBXSourcesBuildPhase section */

/* Begin PBXVariantGroup section */
		DC4D90AE22427E1E0068AD05 /* Main.storyboard */ = {
			isa = PBXVariantGroup;
			children = (
				DC4D90AF22427E1E0068AD05 /* Base */,
			);
			name = Main.storyboard;
			sourceTree = "<group>";
		};
		DC4D90B322427E1F0068AD05 /* LaunchScreen.storyboard */ = {
			isa = PBXVariantGroup;
			children = (
				DC4D90B422427E1F0068AD05 /* Base */,
			);
			name = LaunchScreen.storyboard;
			sourceTree = "<group>";
		};
/* End PBXVariantGroup section */

/* Begin XCBuildConfiguration section */
		DC4D90B722427E1F0068AD05 /* Debug */ = {
			isa = XCBuildConfiguration;
			buildSettings = {
				ALWAYS_SEARCH_USER_PATHS = NO;
				CLANG_ANALYZER_NONNULL = YES;
				CLANG_ANALYZER_NUMBER_OBJECT_CONVERSION = YES_AGGRESSIVE;
				CLANG_CXX_LANGUAGE_STANDARD = "gnu++14";
				CLANG_CXX_LIBRARY = "libc++";
				CLANG_ENABLE_MODULES = YES;
				CLANG_ENABLE_OBJC_ARC = YES;
				CLANG_ENABLE_OBJC_WEAK = YES;
				CLANG_WARN_BLOCK_CAPTURE_AUTORELEASING = YES;
				CLANG_WARN_BOOL_CONVERSION = YES;
				CLANG_WARN_COMMA = YES;
				CLANG_WARN_CONSTANT_CONVERSION = YES;
				CLANG_WARN_DEPRECATED_OBJC_IMPLEMENTATIONS = YES;
				CLANG_WARN_DIRECT_OBJC_ISA_USAGE = YES_ERROR;
				CLANG_WARN_DOCUMENTATION_COMMENTS = YES;
				CLANG_WARN_EMPTY_BODY = YES;
				CLANG_WARN_ENUM_CONVERSION = YES;
				CLANG_WARN_INFINITE_RECURSION = YES;
				CLANG_WARN_INT_CONVERSION = YES;
				CLANG_WARN_NON_LITERAL_NULL_CONVERSION = YES;
				CLANG_WARN_OBJC_IMPLICIT_RETAIN_SELF = YES;
				CLANG_WARN_OBJC_LITERAL_CONVERSION = YES;
				CLANG_WARN_OBJC_ROOT_CLASS = YES_ERROR;
				CLANG_WARN_RANGE_LOOP_ANALYSIS = YES;
				CLANG_WARN_STRICT_PROTOTYPES = YES;
				CLANG_WARN_SUSPICIOUS_MOVE = YES;
				CLANG_WARN_UNGUARDED_AVAILABILITY = YES_AGGRESSIVE;
				CLANG_WARN_UNREACHABLE_CODE = YES;
				CLANG_WARN__DUPLICATE_METHOD_MATCH = YES;
				CODE_SIGN_IDENTITY = "iPhone Developer";
				COPY_PHASE_STRIP = NO;
				DEBUG_INFORMATION_FORMAT = dwarf;
				ENABLE_STRICT_OBJC_MSGSEND = YES;
				ENABLE_TESTABILITY = YES;
				GCC_C_LANGUAGE_STANDARD = gnu11;
				GCC_DYNAMIC_NO_PIC = NO;
				GCC_NO_COMMON_BLOCKS = YES;
				GCC_OPTIMIZATION_LEVEL = 0;
				GCC_PREPROCESSOR_DEFINITIONS = (
					"DEBUG=1",
					"$(inherited)",
				);
				GCC_WARN_64_TO_32_BIT_CONVERSION = YES;
				GCC_WARN_ABOUT_RETURN_TYPE = YES_ERROR;
				GCC_WARN_UNDECLARED_SELECTOR = YES;
				GCC_WARN_UNINITIALIZED_AUTOS = YES_AGGRESSIVE;
				GCC_WARN_UNUSED_FUNCTION = YES;
				GCC_WARN_UNUSED_VARIABLE = YES;
				IPHONEOS_DEPLOYMENT_TARGET = 9.0;
				MTL_ENABLE_DEBUG_INFO = INCLUDE_SOURCE;
				MTL_FAST_MATH = YES;
				ONLY_ACTIVE_ARCH = YES;
				SDKROOT = iphoneos;
				SWIFT_ACTIVE_COMPILATION_CONDITIONS = DEBUG;
				SWIFT_OPTIMIZATION_LEVEL = "-Onone";
				SWIFT_VERSION = 4.2;
			};
			name = Debug;
		};
		DC4D90B822427E1F0068AD05 /* Release */ = {
			isa = XCBuildConfiguration;
			buildSettings = {
				ALWAYS_SEARCH_USER_PATHS = NO;
				CLANG_ANALYZER_NONNULL = YES;
				CLANG_ANALYZER_NUMBER_OBJECT_CONVERSION = YES_AGGRESSIVE;
				CLANG_CXX_LANGUAGE_STANDARD = "gnu++14";
				CLANG_CXX_LIBRARY = "libc++";
				CLANG_ENABLE_MODULES = YES;
				CLANG_ENABLE_OBJC_ARC = YES;
				CLANG_ENABLE_OBJC_WEAK = YES;
				CLANG_WARN_BLOCK_CAPTURE_AUTORELEASING = YES;
				CLANG_WARN_BOOL_CONVERSION = YES;
				CLANG_WARN_COMMA = YES;
				CLANG_WARN_CONSTANT_CONVERSION = YES;
				CLANG_WARN_DEPRECATED_OBJC_IMPLEMENTATIONS = YES;
				CLANG_WARN_DIRECT_OBJC_ISA_USAGE = YES_ERROR;
				CLANG_WARN_DOCUMENTATION_COMMENTS = YES;
				CLANG_WARN_EMPTY_BODY = YES;
				CLANG_WARN_ENUM_CONVERSION = YES;
				CLANG_WARN_INFINITE_RECURSION = YES;
				CLANG_WARN_INT_CONVERSION = YES;
				CLANG_WARN_NON_LITERAL_NULL_CONVERSION = YES;
				CLANG_WARN_OBJC_IMPLICIT_RETAIN_SELF = YES;
				CLANG_WARN_OBJC_LITERAL_CONVERSION = YES;
				CLANG_WARN_OBJC_ROOT_CLASS = YES_ERROR;
				CLANG_WARN_RANGE_LOOP_ANALYSIS = YES;
				CLANG_WARN_STRICT_PROTOTYPES = YES;
				CLANG_WARN_SUSPICIOUS_MOVE = YES;
				CLANG_WARN_UNGUARDED_AVAILABILITY = YES_AGGRESSIVE;
				CLANG_WARN_UNREACHABLE_CODE = YES;
				CLANG_WARN__DUPLICATE_METHOD_MATCH = YES;
				CODE_SIGN_IDENTITY = "iPhone Developer";
				COPY_PHASE_STRIP = NO;
				DEBUG_INFORMATION_FORMAT = "dwarf-with-dsym";
				ENABLE_NS_ASSERTIONS = NO;
				ENABLE_STRICT_OBJC_MSGSEND = YES;
				GCC_C_LANGUAGE_STANDARD = gnu11;
				GCC_NO_COMMON_BLOCKS = YES;
				GCC_WARN_64_TO_32_BIT_CONVERSION = YES;
				GCC_WARN_ABOUT_RETURN_TYPE = YES_ERROR;
				GCC_WARN_UNDECLARED_SELECTOR = YES;
				GCC_WARN_UNINITIALIZED_AUTOS = YES_AGGRESSIVE;
				GCC_WARN_UNUSED_FUNCTION = YES;
				GCC_WARN_UNUSED_VARIABLE = YES;
				IPHONEOS_DEPLOYMENT_TARGET = 9.0;
				MTL_ENABLE_DEBUG_INFO = NO;
				MTL_FAST_MATH = YES;
				SDKROOT = iphoneos;
				SWIFT_COMPILATION_MODE = wholemodule;
				SWIFT_OPTIMIZATION_LEVEL = "-O";
				SWIFT_VERSION = 4.2;
				VALIDATE_PRODUCT = YES;
			};
			name = Release;
		};
		DC4D90BA22427E1F0068AD05 /* Debug */ = {
			isa = XCBuildConfiguration;
			buildSettings = {
				ASSETCATALOG_COMPILER_APPICON_NAME = AppIcon;
				CODE_SIGN_STYLE = Automatic;
				DEVELOPMENT_TEAM = HGA4995V4J;
				INFOPLIST_FILE = ZhengHeFramework/Info.plist;
				IPHONEOS_DEPLOYMENT_TARGET = 9.0;
				LD_RUNPATH_SEARCH_PATHS = (
					"$(inherited)",
					"@executable_path/Frameworks",
				);
				PRODUCT_BUNDLE_IDENTIFIER = houjianan.ZhengHeFramework;
				PRODUCT_NAME = "$(TARGET_NAME)";
				SWIFT_VERSION = 4.2;
				TARGETED_DEVICE_FAMILY = "1,2";
			};
			name = Debug;
		};
		DC4D90BB22427E1F0068AD05 /* Release */ = {
			isa = XCBuildConfiguration;
			buildSettings = {
				ASSETCATALOG_COMPILER_APPICON_NAME = AppIcon;
				CODE_SIGN_STYLE = Automatic;
				DEVELOPMENT_TEAM = HGA4995V4J;
				INFOPLIST_FILE = ZhengHeFramework/Info.plist;
				IPHONEOS_DEPLOYMENT_TARGET = 9.0;
				LD_RUNPATH_SEARCH_PATHS = (
					"$(inherited)",
					"@executable_path/Frameworks",
				);
				PRODUCT_BUNDLE_IDENTIFIER = houjianan.ZhengHeFramework;
				PRODUCT_NAME = "$(TARGET_NAME)";
				SWIFT_VERSION = 4.2;
				TARGETED_DEVICE_FAMILY = "1,2";
			};
			name = Release;
		};
/* End XCBuildConfiguration section */

/* Begin XCConfigurationList section */
		DC4D90A222427E1E0068AD05 /* Build configuration list for PBXProject "ZhengHeFramework" */ = {
			isa = XCConfigurationList;
			buildConfigurations = (
				DC4D90B722427E1F0068AD05 /* Debug */,
				DC4D90B822427E1F0068AD05 /* Release */,
			);
			defaultConfigurationIsVisible = 0;
			defaultConfigurationName = Release;
		};
		DC4D90B922427E1F0068AD05 /* Build configuration list for PBXNativeTarget "ZhengHeFramework" */ = {
			isa = XCConfigurationList;
			buildConfigurations = (
				DC4D90BA22427E1F0068AD05 /* Debug */,
				DC4D90BB22427E1F0068AD05 /* Release */,
			);
			defaultConfigurationIsVisible = 0;
			defaultConfigurationName = Release;
		};
/* End XCConfigurationList section */
	};
	rootObject = DC4D909F22427E1E0068AD05 /* Project object */;
}
