// !$*UTF8*$!
{
	archiveVersion = 1;
	classes = {
	};
	objectVersion = 50;
	objects = {

/* Begin PBXBuildFile section */
		05056AC822A3820B006F7A59 /* GANormalizeScanViewController.swift in Sources */ = {isa = PBXBuildFile; fileRef = 05056AC622A3820B006F7A59 /* GANormalizeScanViewController.swift */; };
		05056AC922A3820B006F7A59 /* GANormalizeScanViewController.xib in Resources */ = {isa = PBXBuildFile; fileRef = 05056AC722A3820B006F7A59 /* GANormalizeScanViewController.xib */; };
		05056AFE22A3AB49006F7A59 /* UITableView+Extension.swift in Sources */ = {isa = PBXBuildFile; fileRef = 05056AFC22A3AB49006F7A59 /* UITableView+Extension.swift */; };
		05056AFF22A3AB49006F7A59 /* UITableViewCell+Extension.swift in Sources */ = {isa = PBXBuildFile; fileRef = 05056AFD22A3AB49006F7A59 /* UITableViewCell+Extension.swift */; };
		05056B0A22A3AE0A006F7A59 /* CodeScan.bundle in Resources */ = {isa = PBXBuildFile; fileRef = 05056B0122A3AE0A006F7A59 /* CodeScan.bundle */; };
		05056B0B22A3AE0A006F7A59 /* LBXPermissions.swift in Sources */ = {isa = PBXBuildFile; fileRef = 05056B0322A3AE0A006F7A59 /* LBXPermissions.swift */; };
		05056B0C22A3AE0A006F7A59 /* LBXScanLineAnimation.swift in Sources */ = {isa = PBXBuildFile; fileRef = 05056B0422A3AE0A006F7A59 /* LBXScanLineAnimation.swift */; };
		05056B0D22A3AE0A006F7A59 /* LBXScanNetAnimation.swift in Sources */ = {isa = PBXBuildFile; fileRef = 05056B0522A3AE0A006F7A59 /* LBXScanNetAnimation.swift */; };
		05056B0E22A3AE0A006F7A59 /* LBXScanView.swift in Sources */ = {isa = PBXBuildFile; fileRef = 05056B0622A3AE0A006F7A59 /* LBXScanView.swift */; };
		05056B0F22A3AE0A006F7A59 /* LBXScanViewController.swift in Sources */ = {isa = PBXBuildFile; fileRef = 05056B0722A3AE0A006F7A59 /* LBXScanViewController.swift */; };
		05056B1022A3AE0A006F7A59 /* LBXScanViewStyle.swift in Sources */ = {isa = PBXBuildFile; fileRef = 05056B0822A3AE0A006F7A59 /* LBXScanViewStyle.swift */; };
		05056B1122A3AE0A006F7A59 /* LBXScanWrapper.swift in Sources */ = {isa = PBXBuildFile; fileRef = 05056B0922A3AE0A006F7A59 /* LBXScanWrapper.swift */; };
		05056B1922A3B125006F7A59 /* YYADCellView.swift in Sources */ = {isa = PBXBuildFile; fileRef = 05056B1322A3B125006F7A59 /* YYADCellView.swift */; };
		05056B1A22A3B125006F7A59 /* YYADCellView.xib in Resources */ = {isa = PBXBuildFile; fileRef = 05056B1422A3B125006F7A59 /* YYADCellView.xib */; };
		05056B1B22A3B125006F7A59 /* YYADViewModel.swift in Sources */ = {isa = PBXBuildFile; fileRef = 05056B1522A3B125006F7A59 /* YYADViewModel.swift */; };
		05056B1C22A3B125006F7A59 /* YYADViewOther.swift in Sources */ = {isa = PBXBuildFile; fileRef = 05056B1622A3B125006F7A59 /* YYADViewOther.swift */; };
		05056B1D22A3B125006F7A59 /* YYScrollADView.swift in Sources */ = {isa = PBXBuildFile; fileRef = 05056B1722A3B125006F7A59 /* YYScrollADView.swift */; };
		05056B1E22A3B125006F7A59 /* YYTableADView.swift in Sources */ = {isa = PBXBuildFile; fileRef = 05056B1822A3B125006F7A59 /* YYTableADView.swift */; };
		05056B2122A3B1EE006F7A59 /* GAMessageViewController.swift in Sources */ = {isa = PBXBuildFile; fileRef = 05056B1F22A3B1EE006F7A59 /* GAMessageViewController.swift */; };
		05056B2222A3B1EE006F7A59 /* GAMessageViewController.xib in Resources */ = {isa = PBXBuildFile; fileRef = 05056B2022A3B1EE006F7A59 /* GAMessageViewController.xib */; };
		05056B2422A3B2BF006F7A59 /* UIView+Extension.swift in Sources */ = {isa = PBXBuildFile; fileRef = 05056B2322A3B2BF006F7A59 /* UIView+Extension.swift */; };
		05056B2622A3B317006F7A59 /* NSObject+Extension.swift in Sources */ = {isa = PBXBuildFile; fileRef = 05056B2522A3B316006F7A59 /* NSObject+Extension.swift */; };
		050FFA1522A3C6B000C19A67 /* GAButtonViewController.swift in Sources */ = {isa = PBXBuildFile; fileRef = 050FFA1322A3C6B000C19A67 /* GAButtonViewController.swift */; };
		050FFA1622A3C6B000C19A67 /* GAButtonViewController.xib in Resources */ = {isa = PBXBuildFile; fileRef = 050FFA1422A3C6B000C19A67 /* GAButtonViewController.xib */; };
		050FFA1A22A3C6DE00C19A67 /* GANormalizeButton.swift in Sources */ = {isa = PBXBuildFile; fileRef = 050FFA1822A3C6DE00C19A67 /* GANormalizeButton.swift */; };
		050FFA1B22A3C6DE00C19A67 /* GANormalizeIconButton.swift in Sources */ = {isa = PBXBuildFile; fileRef = 050FFA1922A3C6DE00C19A67 /* GANormalizeIconButton.swift */; };
		050FFA2022A3CA8400C19A67 /* GANormalizeTextEditProtocol.swift in Sources */ = {isa = PBXBuildFile; fileRef = 050FFA1D22A3CA8400C19A67 /* GANormalizeTextEditProtocol.swift */; };
		050FFA2122A3CA8400C19A67 /* GANormalizeTextField.swift in Sources */ = {isa = PBXBuildFile; fileRef = 050FFA1E22A3CA8400C19A67 /* GANormalizeTextField.swift */; };
		050FFA2222A3CA8400C19A67 /* GANormalizeTextView.swift in Sources */ = {isa = PBXBuildFile; fileRef = 050FFA1F22A3CA8400C19A67 /* GANormalizeTextView.swift */; };
		050FFA2522A3CAF300C19A67 /* GATextViewAndTextFieldViewController.swift in Sources */ = {isa = PBXBuildFile; fileRef = 050FFA2322A3CAF300C19A67 /* GATextViewAndTextFieldViewController.swift */; };
		050FFA2622A3CAF300C19A67 /* GATextViewAndTextFieldViewController.xib in Resources */ = {isa = PBXBuildFile; fileRef = 050FFA2422A3CAF300C19A67 /* GATextViewAndTextFieldViewController.xib */; };
		050FFA5C22A3E36500C19A67 /* AipBase.framework in Frameworks */ = {isa = PBXBuildFile; fileRef = 050FFA5922A3E36400C19A67 /* AipBase.framework */; };
		050FFA5D22A3E36500C19A67 /* AipOcrSdk.framework in Frameworks */ = {isa = PBXBuildFile; fileRef = 050FFA5A22A3E36400C19A67 /* AipOcrSdk.framework */; };
		050FFA5E22A3E36500C19A67 /* IdcardQuality.framework in Frameworks */ = {isa = PBXBuildFile; fileRef = 050FFA5B22A3E36400C19A67 /* IdcardQuality.framework */; };
		050FFA6522A3E42D00C19A67 /* SDWViewController.swift in Sources */ = {isa = PBXBuildFile; fileRef = 050FFA6322A3E42D00C19A67 /* SDWViewController.swift */; };
		050FFA6622A3E42D00C19A67 /* SDWViewController.xib in Resources */ = {isa = PBXBuildFile; fileRef = 050FFA6422A3E42D00C19A67 /* SDWViewController.xib */; };
		050FFA6A22A3E48C00C19A67 /* YYCardIOViewController.swift in Sources */ = {isa = PBXBuildFile; fileRef = 050FFA6822A3E48C00C19A67 /* YYCardIOViewController.swift */; };
		050FFA6B22A3E48C00C19A67 /* YYCardIOViewController.xib in Resources */ = {isa = PBXBuildFile; fileRef = 050FFA6922A3E48C00C19A67 /* YYCardIOViewController.xib */; };
		050FFA6E22A3EA7D00C19A67 /* GANormalizeCircleViewController.swift in Sources */ = {isa = PBXBuildFile; fileRef = 050FFA6C22A3EA7D00C19A67 /* GANormalizeCircleViewController.swift */; };
		050FFA6F22A3EA7D00C19A67 /* GANormalizeCircleViewController.xib in Resources */ = {isa = PBXBuildFile; fileRef = 050FFA6D22A3EA7D00C19A67 /* GANormalizeCircleViewController.xib */; };
		050FFA7422A3EACB00C19A67 /* YYReuseCollectionCell.swift in Sources */ = {isa = PBXBuildFile; fileRef = 050FFA7122A3EACB00C19A67 /* YYReuseCollectionCell.swift */; };
		050FFA7522A3EACB00C19A67 /* YYReuseCollectionCell.xib in Resources */ = {isa = PBXBuildFile; fileRef = 050FFA7222A3EACB00C19A67 /* YYReuseCollectionCell.xib */; };
		050FFA7622A3EACB00C19A67 /* YYReuseCollectionView.swift in Sources */ = {isa = PBXBuildFile; fileRef = 050FFA7322A3EACB00C19A67 /* YYReuseCollectionView.swift */; };
		050FFA7822A3EAE800C19A67 /* UIColor+Extension.swift in Sources */ = {isa = PBXBuildFile; fileRef = 050FFA7722A3EAE800C19A67 /* UIColor+Extension.swift */; };
		050FFA7C22A3EB1F00C19A67 /* GAPageControlCell.swift in Sources */ = {isa = PBXBuildFile; fileRef = 050FFA7922A3EB1E00C19A67 /* GAPageControlCell.swift */; };
		050FFA7D22A3EB1F00C19A67 /* GAPageControl.swift in Sources */ = {isa = PBXBuildFile; fileRef = 050FFA7A22A3EB1E00C19A67 /* GAPageControl.swift */; };
		050FFA7E22A3EB1F00C19A67 /* GAPageControlCell.xib in Resources */ = {isa = PBXBuildFile; fileRef = 050FFA7B22A3EB1F00C19A67 /* GAPageControlCell.xib */; };
		050FFA8322A3ED1400C19A67 /* slide_img2.jpg in Resources */ = {isa = PBXBuildFile; fileRef = 050FFA8122A3ED1400C19A67 /* slide_img2.jpg */; };
		050FFA8422A3ED1400C19A67 /* slide_img1.jpg in Resources */ = {isa = PBXBuildFile; fileRef = 050FFA8222A3ED1400C19A67 /* slide_img1.jpg */; };
		05132CEB22A4B64000A5D9F3 /* GANormalizeBaseMenuViewController.swift in Sources */ = {isa = PBXBuildFile; fileRef = 05132CEA22A4B64000A5D9F3 /* GANormalizeBaseMenuViewController.swift */; };
		05132CF422A4B83F00A5D9F3 /* PXTestMenuViewController.swift in Sources */ = {isa = PBXBuildFile; fileRef = 05132CF322A4B83F00A5D9F3 /* PXTestMenuViewController.swift */; };
		05132D0022A4BBAD00A5D9F3 /* BaseMenuHeaderTitleView.swift in Sources */ = {isa = PBXBuildFile; fileRef = 05132CFD22A4BBAD00A5D9F3 /* BaseMenuHeaderTitleView.swift */; };
		05132D0122A4BBAD00A5D9F3 /* BaseMenuHeaderTitleView.xib in Resources */ = {isa = PBXBuildFile; fileRef = 05132CFE22A4BBAD00A5D9F3 /* BaseMenuHeaderTitleView.xib */; };
		05132D0222A4BBAD00A5D9F3 /* ZHMenuBarMoreLineView.swift in Sources */ = {isa = PBXBuildFile; fileRef = 05132CFF22A4BBAD00A5D9F3 /* ZHMenuBarMoreLineView.swift */; };
		05132D0522A4C01F00A5D9F3 /* ZHMenuScrollItemCell.swift in Sources */ = {isa = PBXBuildFile; fileRef = 05132D0322A4C01F00A5D9F3 /* ZHMenuScrollItemCell.swift */; };
		05132D0622A4C01F00A5D9F3 /* ZHMenuScrollItemCell.xib in Resources */ = {isa = PBXBuildFile; fileRef = 05132D0422A4C01F00A5D9F3 /* ZHMenuScrollItemCell.xib */; };
		05F1D6C322A6434000709B3E /* UIImage+Extension.swift in Sources */ = {isa = PBXBuildFile; fileRef = 05F1D6C222A6434000709B3E /* UIImage+Extension.swift */; };
		05F1D6C622A6452E00709B3E /* GAWaterImageViewController.swift in Sources */ = {isa = PBXBuildFile; fileRef = 05F1D6C422A6452E00709B3E /* GAWaterImageViewController.swift */; };
		05F1D6C722A6452E00709B3E /* GAWaterImageViewController.xib in Resources */ = {isa = PBXBuildFile; fileRef = 05F1D6C522A6452E00709B3E /* GAWaterImageViewController.xib */; };
		922A1307B239E28D49C52A84 /* Pods_ZhengHeFramework.framework in Frameworks */ = {isa = PBXBuildFile; fileRef = 0DB6EDBCC5AA23898E3275F0 /* Pods_ZhengHeFramework.framework */; };
		D52BC5C622A61D6900FA2D03 /* AipBase.framework in Frameworks */ = {isa = PBXBuildFile; fileRef = 050FFA5922A3E36400C19A67 /* AipBase.framework */; };
		D52BC5C722A61D6900FA2D03 /* AipBase.framework in Embed Frameworks */ = {isa = PBXBuildFile; fileRef = 050FFA5922A3E36400C19A67 /* AipBase.framework */; settings = {ATTRIBUTES = (CodeSignOnCopy, RemoveHeadersOnCopy, ); }; };
		D52BC5C822A61D6900FA2D03 /* AipOcrSdk.framework in Frameworks */ = {isa = PBXBuildFile; fileRef = 050FFA5A22A3E36400C19A67 /* AipOcrSdk.framework */; };
		D52BC5C922A61D6900FA2D03 /* AipOcrSdk.framework in Embed Frameworks */ = {isa = PBXBuildFile; fileRef = 050FFA5A22A3E36400C19A67 /* AipOcrSdk.framework */; settings = {ATTRIBUTES = (CodeSignOnCopy, RemoveHeadersOnCopy, ); }; };
		D52BC5CA22A61D6900FA2D03 /* IdcardQuality.framework in Frameworks */ = {isa = PBXBuildFile; fileRef = 050FFA5B22A3E36400C19A67 /* IdcardQuality.framework */; };
		D52BC5CB22A61D6900FA2D03 /* IdcardQuality.framework in Embed Frameworks */ = {isa = PBXBuildFile; fileRef = 050FFA5B22A3E36400C19A67 /* IdcardQuality.framework */; settings = {ATTRIBUTES = (CodeSignOnCopy, RemoveHeadersOnCopy, ); }; };
		D52BC5D022A6252600FA2D03 /* GANormalizeRequestViewController.xib in Resources */ = {isa = PBXBuildFile; fileRef = D52BC5CE22A6252600FA2D03 /* GANormalizeRequestViewController.xib */; };
		D52BC5D122A6252600FA2D03 /* GANormalizeRequestViewController.swift in Sources */ = {isa = PBXBuildFile; fileRef = D52BC5CF22A6252600FA2D03 /* GANormalizeRequestViewController.swift */; };
		D52BC5DE22A6256F00FA2D03 /* ZHRequest+Api.swift in Sources */ = {isa = PBXBuildFile; fileRef = D52BC5D322A6256F00FA2D03 /* ZHRequest+Api.swift */; };
		D52BC5DF22A6256F00FA2D03 /* ZHModel.swift in Sources */ = {isa = PBXBuildFile; fileRef = D52BC5D422A6256F00FA2D03 /* ZHModel.swift */; };
		D52BC5E022A6256F00FA2D03 /* PXRequest.swift in Sources */ = {isa = PBXBuildFile; fileRef = D52BC5D522A6256F00FA2D03 /* PXRequest.swift */; };
		D52BC5E122A6256F00FA2D03 /* ZHRequest+Extension.swift in Sources */ = {isa = PBXBuildFile; fileRef = D52BC5D622A6256F00FA2D03 /* ZHRequest+Extension.swift */; };
		D52BC5E222A6256F00FA2D03 /* ZHRequest+URL.swift in Sources */ = {isa = PBXBuildFile; fileRef = D52BC5D722A6256F00FA2D03 /* ZHRequest+URL.swift */; };
		D52BC5E322A6256F00FA2D03 /* ZHRequest+Enum.swift in Sources */ = {isa = PBXBuildFile; fileRef = D52BC5D822A6256F00FA2D03 /* ZHRequest+Enum.swift */; };
		D52BC5E422A6256F00FA2D03 /* ZHRequest.swift in Sources */ = {isa = PBXBuildFile; fileRef = D52BC5D922A6256F00FA2D03 /* ZHRequest.swift */; };
		D52BC5E522A6256F00FA2D03 /* ZHRequest+AppDelegate.swift in Sources */ = {isa = PBXBuildFile; fileRef = D52BC5DA22A6256F00FA2D03 /* ZHRequest+AppDelegate.swift */; };
		D52BC5E622A6256F00FA2D03 /* ZHConfig.swift in Sources */ = {isa = PBXBuildFile; fileRef = D52BC5DC22A6256F00FA2D03 /* ZHConfig.swift */; };
		D52BC5E722A6256F00FA2D03 /* ZHRequest+Log.swift in Sources */ = {isa = PBXBuildFile; fileRef = D52BC5DD22A6256F00FA2D03 /* ZHRequest+Log.swift */; };
		D52FBB3B2313BB5200F5C4E9 /* CTMediator.m in Sources */ = {isa = PBXBuildFile; fileRef = D52FBB382313BB5200F5C4E9 /* CTMediator.m */; };
		D52FBB3C2313BB5200F5C4E9 /* CTMediatorDemoListViewController.swift in Sources */ = {isa = PBXBuildFile; fileRef = D52FBB3A2313BB5200F5C4E9 /* CTMediatorDemoListViewController.swift */; };
		D52FBB512313BC7B00F5C4E9 /* Target_A.swift in Sources */ = {isa = PBXBuildFile; fileRef = D52FBB452313BC7B00F5C4E9 /* Target_A.swift */; };
		D52FBB532313BC7B00F5C4E9 /* A_Extension.swift in Sources */ = {isa = PBXBuildFile; fileRef = D52FBB4A2313BC7B00F5C4E9 /* A_Extension.swift */; };
		D52FBB562313BD6D00F5C4E9 /* AViewController.swift in Sources */ = {isa = PBXBuildFile; fileRef = D52FBB552313BD6D00F5C4E9 /* AViewController.swift */; };
		D52FBB632313CB6500F5C4E9 /* BViewController.m in Sources */ = {isa = PBXBuildFile; fileRef = D52FBB622313CB6500F5C4E9 /* BViewController.m */; };
		D534659B22A8C377006B0937 /* GANormalizeAlertsViewController.xib in Resources */ = {isa = PBXBuildFile; fileRef = D534659922A8C377006B0937 /* GANormalizeAlertsViewController.xib */; };
		D534659C22A8C377006B0937 /* GANormalizeAlertsViewController.swift in Sources */ = {isa = PBXBuildFile; fileRef = D534659A22A8C377006B0937 /* GANormalizeAlertsViewController.swift */; };
		D55AAE9822A64288009DCD29 /* ZHStorage.swift in Sources */ = {isa = PBXBuildFile; fileRef = D55AAE9222A64288009DCD29 /* ZHStorage.swift */; };
		D55AAE9922A64288009DCD29 /* ZHStorageModel.swift in Sources */ = {isa = PBXBuildFile; fileRef = D55AAE9322A64288009DCD29 /* ZHStorageModel.swift */; };
		D55AAE9A22A64288009DCD29 /* GAJSON.swift in Sources */ = {isa = PBXBuildFile; fileRef = D55AAE9422A64288009DCD29 /* GAJSON.swift */; };
		D55AAE9B22A64288009DCD29 /* GAStorageModel.swift in Sources */ = {isa = PBXBuildFile; fileRef = D55AAE9522A64288009DCD29 /* GAStorageModel.swift */; };
		D55AAE9C22A64288009DCD29 /* GAStorage.swift in Sources */ = {isa = PBXBuildFile; fileRef = D55AAE9622A64288009DCD29 /* GAStorage.swift */; };
		D55AAE9D22A64288009DCD29 /* GAPlistManager.swift in Sources */ = {isa = PBXBuildFile; fileRef = D55AAE9722A64288009DCD29 /* GAPlistManager.swift */; };
		D59B980022A3CF800053FD57 /* WWTestListVc.swift in Sources */ = {isa = PBXBuildFile; fileRef = D59B97FF22A3CF800053FD57 /* WWTestListVc.swift */; };
		D59B980322A3D0BF0053FD57 /* GANormailizeNewPaperViewController.swift in Sources */ = {isa = PBXBuildFile; fileRef = D59B980222A3D0BF0053FD57 /* GANormailizeNewPaperViewController.swift */; };
		D59B980A22A3D12E0053FD57 /* YYNewPaperConfig.swift in Sources */ = {isa = PBXBuildFile; fileRef = D59B980622A3D12E0053FD57 /* YYNewPaperConfig.swift */; };
		D59B980B22A3D12E0053FD57 /* YYNewPaperCell.xib in Resources */ = {isa = PBXBuildFile; fileRef = D59B980722A3D12E0053FD57 /* YYNewPaperCell.xib */; };
		D59B980C22A3D12E0053FD57 /* YYNewPaperView.swift in Sources */ = {isa = PBXBuildFile; fileRef = D59B980822A3D12E0053FD57 /* YYNewPaperView.swift */; };
		D59B980D22A3D12E0053FD57 /* YYNewPaperCell.swift in Sources */ = {isa = PBXBuildFile; fileRef = D59B980922A3D12E0053FD57 /* YYNewPaperCell.swift */; };
		D59B980F22A3D15C0053FD57 /* YYCountDown.swift in Sources */ = {isa = PBXBuildFile; fileRef = D59B980E22A3D15B0053FD57 /* YYCountDown.swift */; };
		D59B981122A3D1740053FD57 /* UICollectionView+Extension.swift in Sources */ = {isa = PBXBuildFile; fileRef = D59B981022A3D1740053FD57 /* UICollectionView+Extension.swift */; };
		D59B981422A3D1DA0053FD57 /* GATagCollectionViewController.swift in Sources */ = {isa = PBXBuildFile; fileRef = D59B981322A3D1DA0053FD57 /* GATagCollectionViewController.swift */; };
		D59B981722A3D2350053FD57 /* GATagCollectionViewCell.xib in Resources */ = {isa = PBXBuildFile; fileRef = D59B981522A3D2350053FD57 /* GATagCollectionViewCell.xib */; };
		D59B981822A3D2350053FD57 /* GATagCollectionViewCell.swift in Sources */ = {isa = PBXBuildFile; fileRef = D59B981622A3D2350053FD57 /* GATagCollectionViewCell.swift */; };
		D59B981B22A3D25B0053FD57 /* GATagFlowLayout.swift in Sources */ = {isa = PBXBuildFile; fileRef = D59B981A22A3D25B0053FD57 /* GATagFlowLayout.swift */; };
		D59B982622A3D3960053FD57 /* img_003.jpg in Resources */ = {isa = PBXBuildFile; fileRef = D59B982322A3D3960053FD57 /* img_003.jpg */; };
		D59B982722A3D3960053FD57 /* img_002.jpg in Resources */ = {isa = PBXBuildFile; fileRef = D59B982422A3D3960053FD57 /* img_002.jpg */; };
		D59B982822A3D3960053FD57 /* img_001.jpg in Resources */ = {isa = PBXBuildFile; fileRef = D59B982522A3D3960053FD57 /* img_001.jpg */; };
		DC4D90AB22427E1E0068AD05 /* AppDelegate.swift in Sources */ = {isa = PBXBuildFile; fileRef = DC4D90AA22427E1E0068AD05 /* AppDelegate.swift */; };
		DC4D90AD22427E1E0068AD05 /* ViewController.swift in Sources */ = {isa = PBXBuildFile; fileRef = DC4D90AC22427E1E0068AD05 /* ViewController.swift */; };
		DC4D90B022427E1E0068AD05 /* Main.storyboard in Resources */ = {isa = PBXBuildFile; fileRef = DC4D90AE22427E1E0068AD05 /* Main.storyboard */; };
		DC4D90B222427E1F0068AD05 /* Assets.xcassets in Resources */ = {isa = PBXBuildFile; fileRef = DC4D90B122427E1F0068AD05 /* Assets.xcassets */; };
		DC4D90B522427E1F0068AD05 /* LaunchScreen.storyboard in Resources */ = {isa = PBXBuildFile; fileRef = DC4D90B322427E1F0068AD05 /* LaunchScreen.storyboard */; };
		DC4D90F1224282880068AD05 /* GANormalizeOther+Class.swift in Sources */ = {isa = PBXBuildFile; fileRef = DC4D90DD224282880068AD05 /* GANormalizeOther+Class.swift */; };
		DC4D90F2224282880068AD05 /* GANormalizeOther+Enum.swift in Sources */ = {isa = PBXBuildFile; fileRef = DC4D90DE224282880068AD05 /* GANormalizeOther+Enum.swift */; };
		DC4D90F3224282880068AD05 /* GANormalizeOther+Extension.swift in Sources */ = {isa = PBXBuildFile; fileRef = DC4D90DF224282880068AD05 /* GANormalizeOther+Extension.swift */; };
		DC4D90F4224282880068AD05 /* GANormalizeOther.swift in Sources */ = {isa = PBXBuildFile; fileRef = DC4D90E0224282880068AD05 /* GANormalizeOther.swift */; };
		DC4D90F5224282880068AD05 /* GANormalizeNavigationView.xib in Resources */ = {isa = PBXBuildFile; fileRef = DC4D90E4224282880068AD05 /* GANormalizeNavigationView.xib */; };
		DC4D90F6224282880068AD05 /* GANormalizeNavigationView.swift in Sources */ = {isa = PBXBuildFile; fileRef = DC4D90E5224282880068AD05 /* GANormalizeNavigationView.swift */; };
		DC4D90F7224282880068AD05 /* GANormalizeTabbarView.xib in Resources */ = {isa = PBXBuildFile; fileRef = DC4D90E7224282880068AD05 /* GANormalizeTabbarView.xib */; };
		DC4D90F8224282880068AD05 /* GANormalizeTabbarView.swift in Sources */ = {isa = PBXBuildFile; fileRef = DC4D90E8224282880068AD05 /* GANormalizeTabbarView.swift */; };
		DC4D90F9224282880068AD05 /* YYXibTabBarItem.swift in Sources */ = {isa = PBXBuildFile; fileRef = DC4D90E9224282880068AD05 /* YYXibTabBarItem.swift */; };
		DC4D90FA224282880068AD05 /* GANormalizeNavigationViewController.swift in Sources */ = {isa = PBXBuildFile; fileRef = DC4D90EB224282880068AD05 /* GANormalizeNavigationViewController.swift */; };
		DC4D90FB224282880068AD05 /* GANormalizeBaseViewController.swift in Sources */ = {isa = PBXBuildFile; fileRef = DC4D90EC224282880068AD05 /* GANormalizeBaseViewController.swift */; };
		DC4D90FC224282880068AD05 /* GANormalizeTabBarViewController.swift in Sources */ = {isa = PBXBuildFile; fileRef = DC4D90ED224282880068AD05 /* GANormalizeTabBarViewController.swift */; };
		DC4D90FD224282880068AD05 /* GANormalizeBaseCollectionViewController.swift in Sources */ = {isa = PBXBuildFile; fileRef = DC4D90EE224282880068AD05 /* GANormalizeBaseCollectionViewController.swift */; };
		DC4D90FE224282880068AD05 /* GANormalizeBaseTableViewController.swift in Sources */ = {isa = PBXBuildFile; fileRef = DC4D90EF224282880068AD05 /* GANormalizeBaseTableViewController.swift */; };
		DC4D90FF224282880068AD05 /* GANormalizeBaseProtocol.swift in Sources */ = {isa = PBXBuildFile; fileRef = DC4D90F0224282880068AD05 /* GANormalizeBaseProtocol.swift */; };
		DC4D9103224325B80068AD05 /* PXTabbarViewController.swift in Sources */ = {isa = PBXBuildFile; fileRef = DC4D9102224325B80068AD05 /* PXTabbarViewController.swift */; };
		DC4D9105224333810068AD05 /* PXTabbarView.swift in Sources */ = {isa = PBXBuildFile; fileRef = DC4D9104224333810068AD05 /* PXTabbarView.swift */; };
		DC4D91072243339D0068AD05 /* PXTabbarView.xib in Resources */ = {isa = PBXBuildFile; fileRef = DC4D91062243339D0068AD05 /* PXTabbarView.xib */; };
/* End PBXBuildFile section */

/* Begin PBXCopyFilesBuildPhase section */
		D52BC5CC22A61D6900FA2D03 /* Embed Frameworks */ = {
			isa = PBXCopyFilesBuildPhase;
			buildActionMask = 2147483647;
			dstPath = "";
			dstSubfolderSpec = 10;
			files = (
				D52BC5C722A61D6900FA2D03 /* AipBase.framework in Embed Frameworks */,
				D52BC5C922A61D6900FA2D03 /* AipOcrSdk.framework in Embed Frameworks */,
				D52BC5CB22A61D6900FA2D03 /* IdcardQuality.framework in Embed Frameworks */,
			);
			name = "Embed Frameworks";
			runOnlyForDeploymentPostprocessing = 0;
		};
/* End PBXCopyFilesBuildPhase section */

/* Begin PBXFileReference section */
		05056AC622A3820B006F7A59 /* GANormalizeScanViewController.swift */ = {isa = PBXFileReference; fileEncoding = 4; lastKnownFileType = sourcecode.swift; path = GANormalizeScanViewController.swift; sourceTree = "<group>"; };
		05056AC722A3820B006F7A59 /* GANormalizeScanViewController.xib */ = {isa = PBXFileReference; fileEncoding = 4; lastKnownFileType = file.xib; path = GANormalizeScanViewController.xib; sourceTree = "<group>"; };
		05056AFC22A3AB49006F7A59 /* UITableView+Extension.swift */ = {isa = PBXFileReference; fileEncoding = 4; lastKnownFileType = sourcecode.swift; path = "UITableView+Extension.swift"; sourceTree = "<group>"; };
		05056AFD22A3AB49006F7A59 /* UITableViewCell+Extension.swift */ = {isa = PBXFileReference; fileEncoding = 4; lastKnownFileType = sourcecode.swift; path = "UITableViewCell+Extension.swift"; sourceTree = "<group>"; };
		05056B0122A3AE0A006F7A59 /* CodeScan.bundle */ = {isa = PBXFileReference; lastKnownFileType = "wrapper.plug-in"; path = CodeScan.bundle; sourceTree = "<group>"; };
		05056B0322A3AE0A006F7A59 /* LBXPermissions.swift */ = {isa = PBXFileReference; fileEncoding = 4; lastKnownFileType = sourcecode.swift; path = LBXPermissions.swift; sourceTree = "<group>"; };
		05056B0422A3AE0A006F7A59 /* LBXScanLineAnimation.swift */ = {isa = PBXFileReference; fileEncoding = 4; lastKnownFileType = sourcecode.swift; path = LBXScanLineAnimation.swift; sourceTree = "<group>"; };
		05056B0522A3AE0A006F7A59 /* LBXScanNetAnimation.swift */ = {isa = PBXFileReference; fileEncoding = 4; lastKnownFileType = sourcecode.swift; path = LBXScanNetAnimation.swift; sourceTree = "<group>"; };
		05056B0622A3AE0A006F7A59 /* LBXScanView.swift */ = {isa = PBXFileReference; fileEncoding = 4; lastKnownFileType = sourcecode.swift; path = LBXScanView.swift; sourceTree = "<group>"; };
		05056B0722A3AE0A006F7A59 /* LBXScanViewController.swift */ = {isa = PBXFileReference; fileEncoding = 4; lastKnownFileType = sourcecode.swift; path = LBXScanViewController.swift; sourceTree = "<group>"; };
		05056B0822A3AE0A006F7A59 /* LBXScanViewStyle.swift */ = {isa = PBXFileReference; fileEncoding = 4; lastKnownFileType = sourcecode.swift; path = LBXScanViewStyle.swift; sourceTree = "<group>"; };
		05056B0922A3AE0A006F7A59 /* LBXScanWrapper.swift */ = {isa = PBXFileReference; fileEncoding = 4; lastKnownFileType = sourcecode.swift; path = LBXScanWrapper.swift; sourceTree = "<group>"; };
		05056B1322A3B125006F7A59 /* YYADCellView.swift */ = {isa = PBXFileReference; fileEncoding = 4; lastKnownFileType = sourcecode.swift; path = YYADCellView.swift; sourceTree = "<group>"; };
		05056B1422A3B125006F7A59 /* YYADCellView.xib */ = {isa = PBXFileReference; fileEncoding = 4; lastKnownFileType = file.xib; path = YYADCellView.xib; sourceTree = "<group>"; };
		05056B1522A3B125006F7A59 /* YYADViewModel.swift */ = {isa = PBXFileReference; fileEncoding = 4; lastKnownFileType = sourcecode.swift; path = YYADViewModel.swift; sourceTree = "<group>"; };
		05056B1622A3B125006F7A59 /* YYADViewOther.swift */ = {isa = PBXFileReference; fileEncoding = 4; lastKnownFileType = sourcecode.swift; path = YYADViewOther.swift; sourceTree = "<group>"; };
		05056B1722A3B125006F7A59 /* YYScrollADView.swift */ = {isa = PBXFileReference; fileEncoding = 4; lastKnownFileType = sourcecode.swift; path = YYScrollADView.swift; sourceTree = "<group>"; };
		05056B1822A3B125006F7A59 /* YYTableADView.swift */ = {isa = PBXFileReference; fileEncoding = 4; lastKnownFileType = sourcecode.swift; path = YYTableADView.swift; sourceTree = "<group>"; };
		05056B1F22A3B1EE006F7A59 /* GAMessageViewController.swift */ = {isa = PBXFileReference; lastKnownFileType = sourcecode.swift; path = GAMessageViewController.swift; sourceTree = "<group>"; };
		05056B2022A3B1EE006F7A59 /* GAMessageViewController.xib */ = {isa = PBXFileReference; lastKnownFileType = file.xib; path = GAMessageViewController.xib; sourceTree = "<group>"; };
		05056B2322A3B2BF006F7A59 /* UIView+Extension.swift */ = {isa = PBXFileReference; fileEncoding = 4; lastKnownFileType = sourcecode.swift; path = "UIView+Extension.swift"; sourceTree = "<group>"; };
		05056B2522A3B316006F7A59 /* NSObject+Extension.swift */ = {isa = PBXFileReference; fileEncoding = 4; lastKnownFileType = sourcecode.swift; path = "NSObject+Extension.swift"; sourceTree = "<group>"; };
		050FFA1322A3C6B000C19A67 /* GAButtonViewController.swift */ = {isa = PBXFileReference; lastKnownFileType = sourcecode.swift; path = GAButtonViewController.swift; sourceTree = "<group>"; };
		050FFA1422A3C6B000C19A67 /* GAButtonViewController.xib */ = {isa = PBXFileReference; lastKnownFileType = file.xib; path = GAButtonViewController.xib; sourceTree = "<group>"; };
		050FFA1822A3C6DE00C19A67 /* GANormalizeButton.swift */ = {isa = PBXFileReference; fileEncoding = 4; lastKnownFileType = sourcecode.swift; path = GANormalizeButton.swift; sourceTree = "<group>"; };
		050FFA1922A3C6DE00C19A67 /* GANormalizeIconButton.swift */ = {isa = PBXFileReference; fileEncoding = 4; lastKnownFileType = sourcecode.swift; path = GANormalizeIconButton.swift; sourceTree = "<group>"; };
		050FFA1D22A3CA8400C19A67 /* GANormalizeTextEditProtocol.swift */ = {isa = PBXFileReference; fileEncoding = 4; lastKnownFileType = sourcecode.swift; path = GANormalizeTextEditProtocol.swift; sourceTree = "<group>"; };
		050FFA1E22A3CA8400C19A67 /* GANormalizeTextField.swift */ = {isa = PBXFileReference; fileEncoding = 4; lastKnownFileType = sourcecode.swift; path = GANormalizeTextField.swift; sourceTree = "<group>"; };
		050FFA1F22A3CA8400C19A67 /* GANormalizeTextView.swift */ = {isa = PBXFileReference; fileEncoding = 4; lastKnownFileType = sourcecode.swift; path = GANormalizeTextView.swift; sourceTree = "<group>"; };
		050FFA2322A3CAF300C19A67 /* GATextViewAndTextFieldViewController.swift */ = {isa = PBXFileReference; lastKnownFileType = sourcecode.swift; path = GATextViewAndTextFieldViewController.swift; sourceTree = "<group>"; };
		050FFA2422A3CAF300C19A67 /* GATextViewAndTextFieldViewController.xib */ = {isa = PBXFileReference; lastKnownFileType = file.xib; path = GATextViewAndTextFieldViewController.xib; sourceTree = "<group>"; };
		050FFA4922A3E1D100C19A67 /* AipOcrSdk.framework */ = {isa = PBXFileReference; lastKnownFileType = wrapper.framework; name = AipOcrSdk.framework; path = "/Users/puxin/Desktop/组件git/gitServer/ZhengHeFramework/ZhengHeFramework/ZhengHeFramework/Base/BaseThirdFramework/baiduLIb/AipOcrSdk.framework"; sourceTree = "<absolute>"; };
		050FFA4A22A3E1D100C19A67 /* IdcardQuality.framework */ = {isa = PBXFileReference; lastKnownFileType = wrapper.framework; name = IdcardQuality.framework; path = "/Users/puxin/Desktop/组件git/gitServer/ZhengHeFramework/ZhengHeFramework/ZhengHeFramework/Base/BaseThirdFramework/baiduLIb/IdcardQuality.framework"; sourceTree = "<absolute>"; };
		050FFA4B22A3E1D100C19A67 /* AipBase.framework */ = {isa = PBXFileReference; lastKnownFileType = wrapper.framework; name = AipBase.framework; path = "/Users/puxin/Desktop/组件git/gitServer/ZhengHeFramework/ZhengHeFramework/ZhengHeFramework/Base/BaseThirdFramework/baiduLIb/AipBase.framework"; sourceTree = "<absolute>"; };
		050FFA5922A3E36400C19A67 /* AipBase.framework */ = {isa = PBXFileReference; lastKnownFileType = wrapper.framework; path = AipBase.framework; sourceTree = "<group>"; };
		050FFA5A22A3E36400C19A67 /* AipOcrSdk.framework */ = {isa = PBXFileReference; lastKnownFileType = wrapper.framework; path = AipOcrSdk.framework; sourceTree = "<group>"; };
		050FFA5B22A3E36400C19A67 /* IdcardQuality.framework */ = {isa = PBXFileReference; lastKnownFileType = wrapper.framework; path = IdcardQuality.framework; sourceTree = "<group>"; };
		050FFA6322A3E42D00C19A67 /* SDWViewController.swift */ = {isa = PBXFileReference; fileEncoding = 4; lastKnownFileType = sourcecode.swift; path = SDWViewController.swift; sourceTree = "<group>"; };
		050FFA6422A3E42D00C19A67 /* SDWViewController.xib */ = {isa = PBXFileReference; fileEncoding = 4; lastKnownFileType = file.xib; path = SDWViewController.xib; sourceTree = "<group>"; };
		050FFA6822A3E48C00C19A67 /* YYCardIOViewController.swift */ = {isa = PBXFileReference; fileEncoding = 4; lastKnownFileType = sourcecode.swift; name = YYCardIOViewController.swift; path = ../../../../YYFramework/YYFramework/FrameworkMVC/Test/VCS/CardIOVC/YYCardIOViewController.swift; sourceTree = "<group>"; };
		050FFA6922A3E48C00C19A67 /* YYCardIOViewController.xib */ = {isa = PBXFileReference; fileEncoding = 4; lastKnownFileType = file.xib; name = YYCardIOViewController.xib; path = ../../../../YYFramework/YYFramework/FrameworkMVC/Test/VCS/CardIOVC/YYCardIOViewController.xib; sourceTree = "<group>"; };
		050FFA6C22A3EA7D00C19A67 /* GANormalizeCircleViewController.swift */ = {isa = PBXFileReference; fileEncoding = 4; lastKnownFileType = sourcecode.swift; path = GANormalizeCircleViewController.swift; sourceTree = "<group>"; };
		050FFA6D22A3EA7D00C19A67 /* GANormalizeCircleViewController.xib */ = {isa = PBXFileReference; fileEncoding = 4; lastKnownFileType = file.xib; path = GANormalizeCircleViewController.xib; sourceTree = "<group>"; };
		050FFA7122A3EACB00C19A67 /* YYReuseCollectionCell.swift */ = {isa = PBXFileReference; fileEncoding = 4; lastKnownFileType = sourcecode.swift; path = YYReuseCollectionCell.swift; sourceTree = "<group>"; };
		050FFA7222A3EACB00C19A67 /* YYReuseCollectionCell.xib */ = {isa = PBXFileReference; fileEncoding = 4; lastKnownFileType = file.xib; path = YYReuseCollectionCell.xib; sourceTree = "<group>"; };
		050FFA7322A3EACB00C19A67 /* YYReuseCollectionView.swift */ = {isa = PBXFileReference; fileEncoding = 4; lastKnownFileType = sourcecode.swift; path = YYReuseCollectionView.swift; sourceTree = "<group>"; };
		050FFA7722A3EAE800C19A67 /* UIColor+Extension.swift */ = {isa = PBXFileReference; fileEncoding = 4; lastKnownFileType = sourcecode.swift; path = "UIColor+Extension.swift"; sourceTree = "<group>"; };
		050FFA7922A3EB1E00C19A67 /* GAPageControlCell.swift */ = {isa = PBXFileReference; fileEncoding = 4; lastKnownFileType = sourcecode.swift; path = GAPageControlCell.swift; sourceTree = "<group>"; };
		050FFA7A22A3EB1E00C19A67 /* GAPageControl.swift */ = {isa = PBXFileReference; fileEncoding = 4; lastKnownFileType = sourcecode.swift; path = GAPageControl.swift; sourceTree = "<group>"; };
		050FFA7B22A3EB1F00C19A67 /* GAPageControlCell.xib */ = {isa = PBXFileReference; fileEncoding = 4; lastKnownFileType = file.xib; path = GAPageControlCell.xib; sourceTree = "<group>"; };
		050FFA8122A3ED1400C19A67 /* slide_img2.jpg */ = {isa = PBXFileReference; lastKnownFileType = image.jpeg; path = slide_img2.jpg; sourceTree = "<group>"; };
		050FFA8222A3ED1400C19A67 /* slide_img1.jpg */ = {isa = PBXFileReference; lastKnownFileType = image.jpeg; path = slide_img1.jpg; sourceTree = "<group>"; };
		05132CEA22A4B64000A5D9F3 /* GANormalizeBaseMenuViewController.swift */ = {isa = PBXFileReference; fileEncoding = 4; lastKnownFileType = sourcecode.swift; path = GANormalizeBaseMenuViewController.swift; sourceTree = "<group>"; };
		05132CF322A4B83F00A5D9F3 /* PXTestMenuViewController.swift */ = {isa = PBXFileReference; fileEncoding = 4; lastKnownFileType = sourcecode.swift; path = PXTestMenuViewController.swift; sourceTree = "<group>"; };
		05132CFD22A4BBAD00A5D9F3 /* BaseMenuHeaderTitleView.swift */ = {isa = PBXFileReference; fileEncoding = 4; lastKnownFileType = sourcecode.swift; path = BaseMenuHeaderTitleView.swift; sourceTree = "<group>"; };
		05132CFE22A4BBAD00A5D9F3 /* BaseMenuHeaderTitleView.xib */ = {isa = PBXFileReference; fileEncoding = 4; lastKnownFileType = file.xib; path = BaseMenuHeaderTitleView.xib; sourceTree = "<group>"; };
		05132CFF22A4BBAD00A5D9F3 /* ZHMenuBarMoreLineView.swift */ = {isa = PBXFileReference; fileEncoding = 4; lastKnownFileType = sourcecode.swift; path = ZHMenuBarMoreLineView.swift; sourceTree = "<group>"; };
		05132D0322A4C01F00A5D9F3 /* ZHMenuScrollItemCell.swift */ = {isa = PBXFileReference; fileEncoding = 4; lastKnownFileType = sourcecode.swift; path = ZHMenuScrollItemCell.swift; sourceTree = "<group>"; };
		05132D0422A4C01F00A5D9F3 /* ZHMenuScrollItemCell.xib */ = {isa = PBXFileReference; fileEncoding = 4; lastKnownFileType = file.xib; path = ZHMenuScrollItemCell.xib; sourceTree = "<group>"; };
		05F1D6C222A6434000709B3E /* UIImage+Extension.swift */ = {isa = PBXFileReference; lastKnownFileType = sourcecode.swift; path = "UIImage+Extension.swift"; sourceTree = "<group>"; };
		05F1D6C422A6452E00709B3E /* GAWaterImageViewController.swift */ = {isa = PBXFileReference; lastKnownFileType = sourcecode.swift; path = GAWaterImageViewController.swift; sourceTree = "<group>"; };
		05F1D6C522A6452E00709B3E /* GAWaterImageViewController.xib */ = {isa = PBXFileReference; lastKnownFileType = file.xib; path = GAWaterImageViewController.xib; sourceTree = "<group>"; };
		0DB6EDBCC5AA23898E3275F0 /* Pods_ZhengHeFramework.framework */ = {isa = PBXFileReference; explicitFileType = wrapper.framework; includeInIndex = 0; path = Pods_ZhengHeFramework.framework; sourceTree = BUILT_PRODUCTS_DIR; };
		908D280517F50F405C690CB5 /* Pods-ZhengHeFramework.debug.xcconfig */ = {isa = PBXFileReference; includeInIndex = 1; lastKnownFileType = text.xcconfig; name = "Pods-ZhengHeFramework.debug.xcconfig"; path = "Pods/Target Support Files/Pods-ZhengHeFramework/Pods-ZhengHeFramework.debug.xcconfig"; sourceTree = "<group>"; };
		B3CFEEB15F8DEE317EF6462E /* Pods-ZhengHeFramework.release.xcconfig */ = {isa = PBXFileReference; includeInIndex = 1; lastKnownFileType = text.xcconfig; name = "Pods-ZhengHeFramework.release.xcconfig"; path = "Pods/Target Support Files/Pods-ZhengHeFramework/Pods-ZhengHeFramework.release.xcconfig"; sourceTree = "<group>"; };
		D52BC5CE22A6252600FA2D03 /* GANormalizeRequestViewController.xib */ = {isa = PBXFileReference; fileEncoding = 4; lastKnownFileType = file.xib; path = GANormalizeRequestViewController.xib; sourceTree = "<group>"; };
		D52BC5CF22A6252600FA2D03 /* GANormalizeRequestViewController.swift */ = {isa = PBXFileReference; fileEncoding = 4; lastKnownFileType = sourcecode.swift; path = GANormalizeRequestViewController.swift; sourceTree = "<group>"; };
		D52BC5D322A6256F00FA2D03 /* ZHRequest+Api.swift */ = {isa = PBXFileReference; fileEncoding = 4; lastKnownFileType = sourcecode.swift; path = "ZHRequest+Api.swift"; sourceTree = "<group>"; };
		D52BC5D422A6256F00FA2D03 /* ZHModel.swift */ = {isa = PBXFileReference; fileEncoding = 4; lastKnownFileType = sourcecode.swift; path = ZHModel.swift; sourceTree = "<group>"; };
		D52BC5D522A6256F00FA2D03 /* PXRequest.swift */ = {isa = PBXFileReference; fileEncoding = 4; lastKnownFileType = sourcecode.swift; path = PXRequest.swift; sourceTree = "<group>"; };
		D52BC5D622A6256F00FA2D03 /* ZHRequest+Extension.swift */ = {isa = PBXFileReference; fileEncoding = 4; lastKnownFileType = sourcecode.swift; path = "ZHRequest+Extension.swift"; sourceTree = "<group>"; };
		D52BC5D722A6256F00FA2D03 /* ZHRequest+URL.swift */ = {isa = PBXFileReference; fileEncoding = 4; lastKnownFileType = sourcecode.swift; path = "ZHRequest+URL.swift"; sourceTree = "<group>"; };
		D52BC5D822A6256F00FA2D03 /* ZHRequest+Enum.swift */ = {isa = PBXFileReference; fileEncoding = 4; lastKnownFileType = sourcecode.swift; path = "ZHRequest+Enum.swift"; sourceTree = "<group>"; };
		D52BC5D922A6256F00FA2D03 /* ZHRequest.swift */ = {isa = PBXFileReference; fileEncoding = 4; lastKnownFileType = sourcecode.swift; path = ZHRequest.swift; sourceTree = "<group>"; };
		D52BC5DA22A6256F00FA2D03 /* ZHRequest+AppDelegate.swift */ = {isa = PBXFileReference; fileEncoding = 4; lastKnownFileType = sourcecode.swift; path = "ZHRequest+AppDelegate.swift"; sourceTree = "<group>"; };
		D52BC5DC22A6256F00FA2D03 /* ZHConfig.swift */ = {isa = PBXFileReference; fileEncoding = 4; lastKnownFileType = sourcecode.swift; path = ZHConfig.swift; sourceTree = "<group>"; };
		D52BC5DD22A6256F00FA2D03 /* ZHRequest+Log.swift */ = {isa = PBXFileReference; fileEncoding = 4; lastKnownFileType = sourcecode.swift; path = "ZHRequest+Log.swift"; sourceTree = "<group>"; };
		D52FBB382313BB5200F5C4E9 /* CTMediator.m */ = {isa = PBXFileReference; fileEncoding = 4; lastKnownFileType = sourcecode.c.objc; path = CTMediator.m; sourceTree = "<group>"; };
		D52FBB392313BB5200F5C4E9 /* CTMediator.h */ = {isa = PBXFileReference; fileEncoding = 4; lastKnownFileType = sourcecode.c.h; path = CTMediator.h; sourceTree = "<group>"; };
		D52FBB3A2313BB5200F5C4E9 /* CTMediatorDemoListViewController.swift */ = {isa = PBXFileReference; fileEncoding = 4; lastKnownFileType = sourcecode.swift; path = CTMediatorDemoListViewController.swift; sourceTree = "<group>"; };
		D52FBB452313BC7B00F5C4E9 /* Target_A.swift */ = {isa = PBXFileReference; fileEncoding = 4; lastKnownFileType = sourcecode.swift; path = Target_A.swift; sourceTree = "<group>"; };
		D52FBB4A2313BC7B00F5C4E9 /* A_Extension.swift */ = {isa = PBXFileReference; fileEncoding = 4; lastKnownFileType = sourcecode.swift; path = A_Extension.swift; sourceTree = "<group>"; };
		D52FBB552313BD6D00F5C4E9 /* AViewController.swift */ = {isa = PBXFileReference; lastKnownFileType = sourcecode.swift; path = AViewController.swift; sourceTree = "<group>"; };
		D52FBB572313BEF000F5C4E9 /* Project-Bridge.h */ = {isa = PBXFileReference; fileEncoding = 4; lastKnownFileType = sourcecode.c.h; path = "Project-Bridge.h"; sourceTree = "<group>"; };
		D52FBB612313CB6500F5C4E9 /* BViewController.h */ = {isa = PBXFileReference; fileEncoding = 4; lastKnownFileType = sourcecode.c.h; path = BViewController.h; sourceTree = "<group>"; };
		D52FBB622313CB6500F5C4E9 /* BViewController.m */ = {isa = PBXFileReference; fileEncoding = 4; lastKnownFileType = sourcecode.c.objc; path = BViewController.m; sourceTree = "<group>"; };
		D534659922A8C377006B0937 /* GANormalizeAlertsViewController.xib */ = {isa = PBXFileReference; fileEncoding = 4; lastKnownFileType = file.xib; path = GANormalizeAlertsViewController.xib; sourceTree = "<group>"; };
		D534659A22A8C377006B0937 /* GANormalizeAlertsViewController.swift */ = {isa = PBXFileReference; fileEncoding = 4; lastKnownFileType = sourcecode.swift; path = GANormalizeAlertsViewController.swift; sourceTree = "<group>"; };
		D55AAE9222A64288009DCD29 /* ZHStorage.swift */ = {isa = PBXFileReference; fileEncoding = 4; lastKnownFileType = sourcecode.swift; path = ZHStorage.swift; sourceTree = "<group>"; };
		D55AAE9322A64288009DCD29 /* ZHStorageModel.swift */ = {isa = PBXFileReference; fileEncoding = 4; lastKnownFileType = sourcecode.swift; path = ZHStorageModel.swift; sourceTree = "<group>"; };
		D55AAE9422A64288009DCD29 /* GAJSON.swift */ = {isa = PBXFileReference; fileEncoding = 4; lastKnownFileType = sourcecode.swift; path = GAJSON.swift; sourceTree = "<group>"; };
		D55AAE9522A64288009DCD29 /* GAStorageModel.swift */ = {isa = PBXFileReference; fileEncoding = 4; lastKnownFileType = sourcecode.swift; path = GAStorageModel.swift; sourceTree = "<group>"; };
		D55AAE9622A64288009DCD29 /* GAStorage.swift */ = {isa = PBXFileReference; fileEncoding = 4; lastKnownFileType = sourcecode.swift; path = GAStorage.swift; sourceTree = "<group>"; };
		D55AAE9722A64288009DCD29 /* GAPlistManager.swift */ = {isa = PBXFileReference; fileEncoding = 4; lastKnownFileType = sourcecode.swift; path = GAPlistManager.swift; sourceTree = "<group>"; };
		D59B97FF22A3CF800053FD57 /* WWTestListVc.swift */ = {isa = PBXFileReference; lastKnownFileType = sourcecode.swift; path = WWTestListVc.swift; sourceTree = "<group>"; };
		D59B980222A3D0BF0053FD57 /* GANormailizeNewPaperViewController.swift */ = {isa = PBXFileReference; fileEncoding = 4; lastKnownFileType = sourcecode.swift; path = GANormailizeNewPaperViewController.swift; sourceTree = "<group>"; };
		D59B980622A3D12E0053FD57 /* YYNewPaperConfig.swift */ = {isa = PBXFileReference; fileEncoding = 4; lastKnownFileType = sourcecode.swift; path = YYNewPaperConfig.swift; sourceTree = "<group>"; };
		D59B980722A3D12E0053FD57 /* YYNewPaperCell.xib */ = {isa = PBXFileReference; fileEncoding = 4; lastKnownFileType = file.xib; path = YYNewPaperCell.xib; sourceTree = "<group>"; };
		D59B980822A3D12E0053FD57 /* YYNewPaperView.swift */ = {isa = PBXFileReference; fileEncoding = 4; lastKnownFileType = sourcecode.swift; path = YYNewPaperView.swift; sourceTree = "<group>"; };
		D59B980922A3D12E0053FD57 /* YYNewPaperCell.swift */ = {isa = PBXFileReference; fileEncoding = 4; lastKnownFileType = sourcecode.swift; path = YYNewPaperCell.swift; sourceTree = "<group>"; };
		D59B980E22A3D15B0053FD57 /* YYCountDown.swift */ = {isa = PBXFileReference; fileEncoding = 4; lastKnownFileType = sourcecode.swift; path = YYCountDown.swift; sourceTree = "<group>"; };
		D59B981022A3D1740053FD57 /* UICollectionView+Extension.swift */ = {isa = PBXFileReference; fileEncoding = 4; lastKnownFileType = sourcecode.swift; path = "UICollectionView+Extension.swift"; sourceTree = "<group>"; };
		D59B981322A3D1DA0053FD57 /* GATagCollectionViewController.swift */ = {isa = PBXFileReference; fileEncoding = 4; lastKnownFileType = sourcecode.swift; path = GATagCollectionViewController.swift; sourceTree = "<group>"; };
		D59B981522A3D2350053FD57 /* GATagCollectionViewCell.xib */ = {isa = PBXFileReference; fileEncoding = 4; lastKnownFileType = file.xib; path = GATagCollectionViewCell.xib; sourceTree = "<group>"; };
		D59B981622A3D2350053FD57 /* GATagCollectionViewCell.swift */ = {isa = PBXFileReference; fileEncoding = 4; lastKnownFileType = sourcecode.swift; path = GATagCollectionViewCell.swift; sourceTree = "<group>"; };
		D59B981A22A3D25B0053FD57 /* GATagFlowLayout.swift */ = {isa = PBXFileReference; fileEncoding = 4; lastKnownFileType = sourcecode.swift; path = GATagFlowLayout.swift; sourceTree = "<group>"; };
		D59B982322A3D3960053FD57 /* img_003.jpg */ = {isa = PBXFileReference; lastKnownFileType = image.jpeg; path = img_003.jpg; sourceTree = "<group>"; };
		D59B982422A3D3960053FD57 /* img_002.jpg */ = {isa = PBXFileReference; lastKnownFileType = image.jpeg; path = img_002.jpg; sourceTree = "<group>"; };
		D59B982522A3D3960053FD57 /* img_001.jpg */ = {isa = PBXFileReference; lastKnownFileType = image.jpeg; path = img_001.jpg; sourceTree = "<group>"; };
		DC4D90A722427E1E0068AD05 /* ZhengHeFramework.app */ = {isa = PBXFileReference; explicitFileType = wrapper.application; includeInIndex = 0; path = ZhengHeFramework.app; sourceTree = BUILT_PRODUCTS_DIR; };
		DC4D90AA22427E1E0068AD05 /* AppDelegate.swift */ = {isa = PBXFileReference; lastKnownFileType = sourcecode.swift; path = AppDelegate.swift; sourceTree = "<group>"; };
		DC4D90AC22427E1E0068AD05 /* ViewController.swift */ = {isa = PBXFileReference; lastKnownFileType = sourcecode.swift; path = ViewController.swift; sourceTree = "<group>"; };
		DC4D90AF22427E1E0068AD05 /* Base */ = {isa = PBXFileReference; lastKnownFileType = file.storyboard; name = Base; path = Base.lproj/Main.storyboard; sourceTree = "<group>"; };
		DC4D90B122427E1F0068AD05 /* Assets.xcassets */ = {isa = PBXFileReference; lastKnownFileType = folder.assetcatalog; path = Assets.xcassets; sourceTree = "<group>"; };
		DC4D90B422427E1F0068AD05 /* Base */ = {isa = PBXFileReference; lastKnownFileType = file.storyboard; name = Base; path = Base.lproj/LaunchScreen.storyboard; sourceTree = "<group>"; };
		DC4D90B622427E1F0068AD05 /* Info.plist */ = {isa = PBXFileReference; lastKnownFileType = text.plist.xml; path = Info.plist; sourceTree = "<group>"; };
		DC4D90DD224282880068AD05 /* GANormalizeOther+Class.swift */ = {isa = PBXFileReference; fileEncoding = 4; lastKnownFileType = sourcecode.swift; path = "GANormalizeOther+Class.swift"; sourceTree = "<group>"; };
		DC4D90DE224282880068AD05 /* GANormalizeOther+Enum.swift */ = {isa = PBXFileReference; fileEncoding = 4; lastKnownFileType = sourcecode.swift; path = "GANormalizeOther+Enum.swift"; sourceTree = "<group>"; };
		DC4D90DF224282880068AD05 /* GANormalizeOther+Extension.swift */ = {isa = PBXFileReference; fileEncoding = 4; lastKnownFileType = sourcecode.swift; path = "GANormalizeOther+Extension.swift"; sourceTree = "<group>"; };
		DC4D90E0224282880068AD05 /* GANormalizeOther.swift */ = {isa = PBXFileReference; fileEncoding = 4; lastKnownFileType = sourcecode.swift; path = GANormalizeOther.swift; sourceTree = "<group>"; };
		DC4D90E4224282880068AD05 /* GANormalizeNavigationView.xib */ = {isa = PBXFileReference; fileEncoding = 4; lastKnownFileType = file.xib; path = GANormalizeNavigationView.xib; sourceTree = "<group>"; };
		DC4D90E5224282880068AD05 /* GANormalizeNavigationView.swift */ = {isa = PBXFileReference; fileEncoding = 4; lastKnownFileType = sourcecode.swift; path = GANormalizeNavigationView.swift; sourceTree = "<group>"; };
		DC4D90E7224282880068AD05 /* GANormalizeTabbarView.xib */ = {isa = PBXFileReference; fileEncoding = 4; lastKnownFileType = file.xib; path = GANormalizeTabbarView.xib; sourceTree = "<group>"; };
		DC4D90E8224282880068AD05 /* GANormalizeTabbarView.swift */ = {isa = PBXFileReference; fileEncoding = 4; lastKnownFileType = sourcecode.swift; path = GANormalizeTabbarView.swift; sourceTree = "<group>"; };
		DC4D90E9224282880068AD05 /* YYXibTabBarItem.swift */ = {isa = PBXFileReference; fileEncoding = 4; lastKnownFileType = sourcecode.swift; path = YYXibTabBarItem.swift; sourceTree = "<group>"; };
		DC4D90EB224282880068AD05 /* GANormalizeNavigationViewController.swift */ = {isa = PBXFileReference; fileEncoding = 4; lastKnownFileType = sourcecode.swift; path = GANormalizeNavigationViewController.swift; sourceTree = "<group>"; };
		DC4D90EC224282880068AD05 /* GANormalizeBaseViewController.swift */ = {isa = PBXFileReference; fileEncoding = 4; lastKnownFileType = sourcecode.swift; path = GANormalizeBaseViewController.swift; sourceTree = "<group>"; };
		DC4D90ED224282880068AD05 /* GANormalizeTabBarViewController.swift */ = {isa = PBXFileReference; fileEncoding = 4; lastKnownFileType = sourcecode.swift; path = GANormalizeTabBarViewController.swift; sourceTree = "<group>"; };
		DC4D90EE224282880068AD05 /* GANormalizeBaseCollectionViewController.swift */ = {isa = PBXFileReference; fileEncoding = 4; lastKnownFileType = sourcecode.swift; path = GANormalizeBaseCollectionViewController.swift; sourceTree = "<group>"; };
		DC4D90EF224282880068AD05 /* GANormalizeBaseTableViewController.swift */ = {isa = PBXFileReference; fileEncoding = 4; lastKnownFileType = sourcecode.swift; path = GANormalizeBaseTableViewController.swift; sourceTree = "<group>"; };
		DC4D90F0224282880068AD05 /* GANormalizeBaseProtocol.swift */ = {isa = PBXFileReference; fileEncoding = 4; lastKnownFileType = sourcecode.swift; path = GANormalizeBaseProtocol.swift; sourceTree = "<group>"; };
		DC4D9102224325B80068AD05 /* PXTabbarViewController.swift */ = {isa = PBXFileReference; lastKnownFileType = sourcecode.swift; path = PXTabbarViewController.swift; sourceTree = "<group>"; };
		DC4D9104224333810068AD05 /* PXTabbarView.swift */ = {isa = PBXFileReference; lastKnownFileType = sourcecode.swift; path = PXTabbarView.swift; sourceTree = "<group>"; };
		DC4D91062243339D0068AD05 /* PXTabbarView.xib */ = {isa = PBXFileReference; lastKnownFileType = file.xib; path = PXTabbarView.xib; sourceTree = "<group>"; };
/* End PBXFileReference section */

/* Begin PBXFrameworksBuildPhase section */
		DC4D90A422427E1E0068AD05 /* Frameworks */ = {
			isa = PBXFrameworksBuildPhase;
			buildActionMask = 2147483647;
			files = (
				050FFA5C22A3E36500C19A67 /* AipBase.framework in Frameworks */,
				D52BC5C622A61D6900FA2D03 /* AipBase.framework in Frameworks */,
				050FFA5D22A3E36500C19A67 /* AipOcrSdk.framework in Frameworks */,
				050FFA5E22A3E36500C19A67 /* IdcardQuality.framework in Frameworks */,
				922A1307B239E28D49C52A84 /* Pods_ZhengHeFramework.framework in Frameworks */,
				D52BC5CA22A61D6900FA2D03 /* IdcardQuality.framework in Frameworks */,
				D52BC5C822A61D6900FA2D03 /* AipOcrSdk.framework in Frameworks */,
			);
			runOnlyForDeploymentPostprocessing = 0;
		};
/* End PBXFrameworksBuildPhase section */

/* Begin PBXGroup section */
		05056ADC22A3833B006F7A59 /* sdwVCS */ = {
			isa = PBXGroup;
			children = (
				050FFA8222A3ED1400C19A67 /* slide_img1.jpg */,
				050FFA8122A3ED1400C19A67 /* slide_img2.jpg */,
				05132CF322A4B83F00A5D9F3 /* PXTestMenuViewController.swift */,
				050FFA6C22A3EA7D00C19A67 /* GANormalizeCircleViewController.swift */,
				050FFA6D22A3EA7D00C19A67 /* GANormalizeCircleViewController.xib */,
				05056AC622A3820B006F7A59 /* GANormalizeScanViewController.swift */,
				05056AC722A3820B006F7A59 /* GANormalizeScanViewController.xib */,
				05056B1F22A3B1EE006F7A59 /* GAMessageViewController.swift */,
				05056B2022A3B1EE006F7A59 /* GAMessageViewController.xib */,
				050FFA1322A3C6B000C19A67 /* GAButtonViewController.swift */,
				050FFA1422A3C6B000C19A67 /* GAButtonViewController.xib */,
				050FFA2322A3CAF300C19A67 /* GATextViewAndTextFieldViewController.swift */,
				050FFA2422A3CAF300C19A67 /* GATextViewAndTextFieldViewController.xib */,
				050FFA6822A3E48C00C19A67 /* YYCardIOViewController.swift */,
				050FFA6922A3E48C00C19A67 /* YYCardIOViewController.xib */,
				05F1D6C422A6452E00709B3E /* GAWaterImageViewController.swift */,
				05F1D6C522A6452E00709B3E /* GAWaterImageViewController.xib */,
			);
			path = sdwVCS;
			sourceTree = "<group>";
		};
		05056AFB22A3AB3C006F7A59 /* BaseExtension */ = {
			isa = PBXGroup;
			children = (
				050FFA7722A3EAE800C19A67 /* UIColor+Extension.swift */,
				D59B981022A3D1740053FD57 /* UICollectionView+Extension.swift */,
				05056AFC22A3AB49006F7A59 /* UITableView+Extension.swift */,
				05056AFD22A3AB49006F7A59 /* UITableViewCell+Extension.swift */,
				05056B2322A3B2BF006F7A59 /* UIView+Extension.swift */,
				05056B2522A3B316006F7A59 /* NSObject+Extension.swift */,
				05F1D6C222A6434000709B3E /* UIImage+Extension.swift */,
			);
			path = BaseExtension;
			sourceTree = "<group>";
		};
		05056B0022A3AE0A006F7A59 /* swiftScan */ = {
			isa = PBXGroup;
			children = (
				05056B0122A3AE0A006F7A59 /* CodeScan.bundle */,
				05056B0222A3AE0A006F7A59 /* Source */,
			);
			path = swiftScan;
			sourceTree = "<group>";
		};
		05056B0222A3AE0A006F7A59 /* Source */ = {
			isa = PBXGroup;
			children = (
				05056B0322A3AE0A006F7A59 /* LBXPermissions.swift */,
				05056B0422A3AE0A006F7A59 /* LBXScanLineAnimation.swift */,
				05056B0522A3AE0A006F7A59 /* LBXScanNetAnimation.swift */,
				05056B0622A3AE0A006F7A59 /* LBXScanView.swift */,
				05056B0722A3AE0A006F7A59 /* LBXScanViewController.swift */,
				05056B0822A3AE0A006F7A59 /* LBXScanViewStyle.swift */,
				05056B0922A3AE0A006F7A59 /* LBXScanWrapper.swift */,
			);
			path = Source;
			sourceTree = "<group>";
		};
		05056B1222A3B125006F7A59 /* ADView */ = {
			isa = PBXGroup;
			children = (
				05056B1322A3B125006F7A59 /* YYADCellView.swift */,
				05056B1422A3B125006F7A59 /* YYADCellView.xib */,
				05056B1522A3B125006F7A59 /* YYADViewModel.swift */,
				05056B1622A3B125006F7A59 /* YYADViewOther.swift */,
				05056B1722A3B125006F7A59 /* YYScrollADView.swift */,
				05056B1822A3B125006F7A59 /* YYTableADView.swift */,
			);
			path = ADView;
			sourceTree = "<group>";
		};
		050FFA1722A3C6DE00C19A67 /* Button */ = {
			isa = PBXGroup;
			children = (
				050FFA1822A3C6DE00C19A67 /* GANormalizeButton.swift */,
				050FFA1922A3C6DE00C19A67 /* GANormalizeIconButton.swift */,
			);
			path = Button;
			sourceTree = "<group>";
		};
		050FFA1C22A3CA8400C19A67 /* BaseTextView */ = {
			isa = PBXGroup;
			children = (
				050FFA1D22A3CA8400C19A67 /* GANormalizeTextEditProtocol.swift */,
				050FFA1E22A3CA8400C19A67 /* GANormalizeTextField.swift */,
				050FFA1F22A3CA8400C19A67 /* GANormalizeTextView.swift */,
			);
			path = BaseTextView;
			sourceTree = "<group>";
		};
		050FFA5722A3E36400C19A67 /* BaseThirdFramework */ = {
			isa = PBXGroup;
			children = (
				050FFA5822A3E36400C19A67 /* baiduLIb */,
			);
			path = BaseThirdFramework;
			sourceTree = "<group>";
		};
		050FFA5822A3E36400C19A67 /* baiduLIb */ = {
			isa = PBXGroup;
			children = (
				050FFA5922A3E36400C19A67 /* AipBase.framework */,
				050FFA5A22A3E36400C19A67 /* AipOcrSdk.framework */,
				050FFA5B22A3E36400C19A67 /* IdcardQuality.framework */,
			);
			path = baiduLIb;
			sourceTree = "<group>";
		};
		050FFA6722A3E44600C19A67 /* Recovered References */ = {
			isa = PBXGroup;
			children = (
				050FFA4B22A3E1D100C19A67 /* AipBase.framework */,
				050FFA4922A3E1D100C19A67 /* AipOcrSdk.framework */,
				050FFA4A22A3E1D100C19A67 /* IdcardQuality.framework */,
			);
			name = "Recovered References";
			sourceTree = "<group>";
		};
		050FFA7022A3EACB00C19A67 /* SlideImageShow */ = {
			isa = PBXGroup;
			children = (
				050FFA7A22A3EB1E00C19A67 /* GAPageControl.swift */,
				050FFA7922A3EB1E00C19A67 /* GAPageControlCell.swift */,
				050FFA7B22A3EB1F00C19A67 /* GAPageControlCell.xib */,
				050FFA7122A3EACB00C19A67 /* YYReuseCollectionCell.swift */,
				050FFA7222A3EACB00C19A67 /* YYReuseCollectionCell.xib */,
				050FFA7322A3EACB00C19A67 /* YYReuseCollectionView.swift */,
			);
			path = SlideImageShow;
			sourceTree = "<group>";
		};
		05132CFC22A4BBAD00A5D9F3 /* MoreLineAndOnlyLineView */ = {
			isa = PBXGroup;
			children = (
				05132D0322A4C01F00A5D9F3 /* ZHMenuScrollItemCell.swift */,
				05132D0422A4C01F00A5D9F3 /* ZHMenuScrollItemCell.xib */,
				05132CFD22A4BBAD00A5D9F3 /* BaseMenuHeaderTitleView.swift */,
				05132CFE22A4BBAD00A5D9F3 /* BaseMenuHeaderTitleView.xib */,
				05132CFF22A4BBAD00A5D9F3 /* ZHMenuBarMoreLineView.swift */,
			);
			path = MoreLineAndOnlyLineView;
			sourceTree = "<group>";
		};
		304E239F103B1601D1D71161 /* Pods */ = {
			isa = PBXGroup;
			children = (
				908D280517F50F405C690CB5 /* Pods-ZhengHeFramework.debug.xcconfig */,
				B3CFEEB15F8DEE317EF6462E /* Pods-ZhengHeFramework.release.xcconfig */,
			);
			name = Pods;
			sourceTree = "<group>";
		};
		D52BC5CD22A6252600FA2D03 /* Request */ = {
			isa = PBXGroup;
			children = (
				D52BC5CE22A6252600FA2D03 /* GANormalizeRequestViewController.xib */,
				D52BC5CF22A6252600FA2D03 /* GANormalizeRequestViewController.swift */,
			);
			path = Request;
			sourceTree = "<group>";
		};
		D52BC5D222A6256F00FA2D03 /* ZHRequest */ = {
			isa = PBXGroup;
			children = (
				D52BC5D322A6256F00FA2D03 /* ZHRequest+Api.swift */,
				D52BC5D422A6256F00FA2D03 /* ZHModel.swift */,
				D52BC5D522A6256F00FA2D03 /* PXRequest.swift */,
				D52BC5D622A6256F00FA2D03 /* ZHRequest+Extension.swift */,
				D52BC5D722A6256F00FA2D03 /* ZHRequest+URL.swift */,
				D52BC5D822A6256F00FA2D03 /* ZHRequest+Enum.swift */,
				D52BC5D922A6256F00FA2D03 /* ZHRequest.swift */,
				D52BC5DA22A6256F00FA2D03 /* ZHRequest+AppDelegate.swift */,
				D52BC5DB22A6256F00FA2D03 /* RequestConfig */,
				D52BC5DD22A6256F00FA2D03 /* ZHRequest+Log.swift */,
			);
			path = ZHRequest;
			sourceTree = "<group>";
		};
		D52BC5DB22A6256F00FA2D03 /* RequestConfig */ = {
			isa = PBXGroup;
			children = (
				D52BC5DC22A6256F00FA2D03 /* ZHConfig.swift */,
			);
			path = RequestConfig;
			sourceTree = "<group>";
		};
		D52FBB362313BB5200F5C4E9 /* CTMediatorDemo */ = {
			isa = PBXGroup;
			children = (
				D52FBB602313CB6500F5C4E9 /* OCClasses */,
				D52FBB492313BC7B00F5C4E9 /* A_Extension */,
				D52FBB432313BC7B00F5C4E9 /* A_swift */,
				D52FBB372313BB5200F5C4E9 /* CTMediator */,
				D52FBB3A2313BB5200F5C4E9 /* CTMediatorDemoListViewController.swift */,
			);
			path = CTMediatorDemo;
			sourceTree = "<group>";
		};
		D52FBB372313BB5200F5C4E9 /* CTMediator */ = {
			isa = PBXGroup;
			children = (
				D52FBB392313BB5200F5C4E9 /* CTMediator.h */,
				D52FBB382313BB5200F5C4E9 /* CTMediator.m */,
			);
			path = CTMediator;
			sourceTree = "<group>";
		};
		D52FBB432313BC7B00F5C4E9 /* A_swift */ = {
			isa = PBXGroup;
			children = (
				D52FBB452313BC7B00F5C4E9 /* Target_A.swift */,
				D52FBB552313BD6D00F5C4E9 /* AViewController.swift */,
			);
			path = A_swift;
			sourceTree = "<group>";
		};
		D52FBB492313BC7B00F5C4E9 /* A_Extension */ = {
			isa = PBXGroup;
			children = (
				D52FBB4A2313BC7B00F5C4E9 /* A_Extension.swift */,
			);
			path = A_Extension;
			sourceTree = "<group>";
		};
		D52FBB602313CB6500F5C4E9 /* OCClasses */ = {
			isa = PBXGroup;
			children = (
				D52FBB612313CB6500F5C4E9 /* BViewController.h */,
				D52FBB622313CB6500F5C4E9 /* BViewController.m */,
			);
			path = OCClasses;
			sourceTree = "<group>";
		};
		D534659822A8C377006B0937 /* Alert */ = {
			isa = PBXGroup;
			children = (
				D534659922A8C377006B0937 /* GANormalizeAlertsViewController.xib */,
				D534659A22A8C377006B0937 /* GANormalizeAlertsViewController.swift */,
			);
			path = Alert;
			sourceTree = "<group>";
		};
		D55AAE9022A64288009DCD29 /* GAStorage */ = {
			isa = PBXGroup;
			children = (
				D55AAE9122A64288009DCD29 /* ZHStorage */,
				D55AAE9422A64288009DCD29 /* GAJSON.swift */,
				D55AAE9522A64288009DCD29 /* GAStorageModel.swift */,
				D55AAE9622A64288009DCD29 /* GAStorage.swift */,
				D55AAE9722A64288009DCD29 /* GAPlistManager.swift */,
			);
			path = GAStorage;
			sourceTree = "<group>";
		};
		D55AAE9122A64288009DCD29 /* ZHStorage */ = {
			isa = PBXGroup;
			children = (
				D55AAE9222A64288009DCD29 /* ZHStorage.swift */,
				D55AAE9322A64288009DCD29 /* ZHStorageModel.swift */,
			);
			path = ZHStorage;
			sourceTree = "<group>";
		};
		D59B97FE22A3CF670053FD57 /* WW */ = {
			isa = PBXGroup;
			children = (
				D52FBB362313BB5200F5C4E9 /* CTMediatorDemo */,
				D534659822A8C377006B0937 /* Alert */,
				D52BC5CD22A6252600FA2D03 /* Request */,
				D59B981222A3D1DA0053FD57 /* SearchRecordList */,
				D59B980122A3D0BF0053FD57 /* NewPaper */,
				D59B97FF22A3CF800053FD57 /* WWTestListVc.swift */,
			);
			path = WW;
			sourceTree = "<group>";
		};
		D59B980122A3D0BF0053FD57 /* NewPaper */ = {
			isa = PBXGroup;
			children = (
				D59B982522A3D3960053FD57 /* img_001.jpg */,
				D59B982422A3D3960053FD57 /* img_002.jpg */,
				D59B982322A3D3960053FD57 /* img_003.jpg */,
				D59B980222A3D0BF0053FD57 /* GANormailizeNewPaperViewController.swift */,
			);
			path = NewPaper;
			sourceTree = "<group>";
		};
		D59B980422A3D1090053FD57 /* BaseFoundation */ = {
			isa = PBXGroup;
			children = (
				D55AAE9022A64288009DCD29 /* GAStorage */,
				D52BC5D222A6256F00FA2D03 /* ZHRequest */,
				D59B981922A3D25B0053FD57 /* GATagFlowLayout */,
				D59B980E22A3D15B0053FD57 /* YYCountDown.swift */,
			);
			path = BaseFoundation;
			sourceTree = "<group>";
		};
		D59B980522A3D12E0053FD57 /* NewPaper */ = {
			isa = PBXGroup;
			children = (
				D59B980622A3D12E0053FD57 /* YYNewPaperConfig.swift */,
				D59B980722A3D12E0053FD57 /* YYNewPaperCell.xib */,
				D59B980822A3D12E0053FD57 /* YYNewPaperView.swift */,
				D59B980922A3D12E0053FD57 /* YYNewPaperCell.swift */,
			);
			path = NewPaper;
			sourceTree = "<group>";
		};
		D59B981222A3D1DA0053FD57 /* SearchRecordList */ = {
			isa = PBXGroup;
			children = (
				D59B981622A3D2350053FD57 /* GATagCollectionViewCell.swift */,
				D59B981522A3D2350053FD57 /* GATagCollectionViewCell.xib */,
				D59B981322A3D1DA0053FD57 /* GATagCollectionViewController.swift */,
			);
			path = SearchRecordList;
			sourceTree = "<group>";
		};
		D59B981922A3D25B0053FD57 /* GATagFlowLayout */ = {
			isa = PBXGroup;
			children = (
				D59B981A22A3D25B0053FD57 /* GATagFlowLayout.swift */,
			);
			path = GATagFlowLayout;
			sourceTree = "<group>";
		};
		DC4D909E22427E1E0068AD05 = {
			isa = PBXGroup;
			children = (
				DC4D90A922427E1E0068AD05 /* ZhengHeFramework */,
				DC4D90A822427E1E0068AD05 /* Products */,
				050FFA6722A3E44600C19A67 /* Recovered References */,
				304E239F103B1601D1D71161 /* Pods */,
				E552BD72BF5FB079A84E3A21 /* Frameworks */,
			);
			sourceTree = "<group>";
		};
		DC4D90A822427E1E0068AD05 /* Products */ = {
			isa = PBXGroup;
			children = (
				DC4D90A722427E1E0068AD05 /* ZhengHeFramework.app */,
			);
			name = Products;
			sourceTree = "<group>";
		};
		DC4D90A922427E1E0068AD05 /* ZhengHeFramework */ = {
			isa = PBXGroup;
			children = (
				DC4D9100224325810068AD05 /* PX */,
				DC4D90DA224282880068AD05 /* ZhengHeFramework */,
				DC4D90AA22427E1E0068AD05 /* AppDelegate.swift */,
				DC4D90AC22427E1E0068AD05 /* ViewController.swift */,
				DC4D90AE22427E1E0068AD05 /* Main.storyboard */,
				DC4D90B122427E1F0068AD05 /* Assets.xcassets */,
				DC4D90B322427E1F0068AD05 /* LaunchScreen.storyboard */,
				D52FBB572313BEF000F5C4E9 /* Project-Bridge.h */,
				DC4D90B622427E1F0068AD05 /* Info.plist */,
			);
			path = ZhengHeFramework;
			sourceTree = "<group>";
		};
		DC4D90DA224282880068AD05 /* ZhengHeFramework */ = {
			isa = PBXGroup;
			children = (
				DC4D90DB224282880068AD05 /* Configuration */,
				DC4D90E1224282880068AD05 /* Base */,
			);
			path = ZhengHeFramework;
			sourceTree = "<group>";
		};
		DC4D90DB224282880068AD05 /* Configuration */ = {
			isa = PBXGroup;
			children = (
				DC4D90DC224282880068AD05 /* Other */,
			);
			path = Configuration;
			sourceTree = "<group>";
		};
		DC4D90DC224282880068AD05 /* Other */ = {
			isa = PBXGroup;
			children = (
				DC4D90DD224282880068AD05 /* GANormalizeOther+Class.swift */,
				DC4D90DE224282880068AD05 /* GANormalizeOther+Enum.swift */,
				DC4D90DF224282880068AD05 /* GANormalizeOther+Extension.swift */,
				DC4D90E0224282880068AD05 /* GANormalizeOther.swift */,
			);
			path = Other;
			sourceTree = "<group>";
		};
		DC4D90E1224282880068AD05 /* Base */ = {
			isa = PBXGroup;
			children = (
				050FFA5722A3E36400C19A67 /* BaseThirdFramework */,
				D59B980422A3D1090053FD57 /* BaseFoundation */,
				05056AFB22A3AB3C006F7A59 /* BaseExtension */,
				DC4D90E2224282880068AD05 /* BaseView */,
				DC4D90EA224282880068AD05 /* BaseVC */,
			);
			path = Base;
			sourceTree = "<group>";
		};
		DC4D90E2224282880068AD05 /* BaseView */ = {
			isa = PBXGroup;
			children = (
				05132CFC22A4BBAD00A5D9F3 /* MoreLineAndOnlyLineView */,
				050FFA7022A3EACB00C19A67 /* SlideImageShow */,
				D59B980522A3D12E0053FD57 /* NewPaper */,
				050FFA1C22A3CA8400C19A67 /* BaseTextView */,
				050FFA1722A3C6DE00C19A67 /* Button */,
				05056B1222A3B125006F7A59 /* ADView */,
				05056B0022A3AE0A006F7A59 /* swiftScan */,
				DC4D90E3224282880068AD05 /* NavigationView */,
				DC4D90E6224282880068AD05 /* TabbarView */,
			);
			path = BaseView;
			sourceTree = "<group>";
		};
		DC4D90E3224282880068AD05 /* NavigationView */ = {
			isa = PBXGroup;
			children = (
				DC4D90E4224282880068AD05 /* GANormalizeNavigationView.xib */,
				DC4D90E5224282880068AD05 /* GANormalizeNavigationView.swift */,
			);
			path = NavigationView;
			sourceTree = "<group>";
		};
		DC4D90E6224282880068AD05 /* TabbarView */ = {
			isa = PBXGroup;
			children = (
				DC4D90E7224282880068AD05 /* GANormalizeTabbarView.xib */,
				DC4D90E8224282880068AD05 /* GANormalizeTabbarView.swift */,
				DC4D90E9224282880068AD05 /* YYXibTabBarItem.swift */,
			);
			path = TabbarView;
			sourceTree = "<group>";
		};
		DC4D90EA224282880068AD05 /* BaseVC */ = {
			isa = PBXGroup;
			children = (
				05132CEA22A4B64000A5D9F3 /* GANormalizeBaseMenuViewController.swift */,
				DC4D90EB224282880068AD05 /* GANormalizeNavigationViewController.swift */,
				DC4D90EC224282880068AD05 /* GANormalizeBaseViewController.swift */,
				DC4D90ED224282880068AD05 /* GANormalizeTabBarViewController.swift */,
				DC4D90EE224282880068AD05 /* GANormalizeBaseCollectionViewController.swift */,
				DC4D90EF224282880068AD05 /* GANormalizeBaseTableViewController.swift */,
				DC4D90F0224282880068AD05 /* GANormalizeBaseProtocol.swift */,
			);
			path = BaseVC;
			sourceTree = "<group>";
		};
		DC4D9100224325810068AD05 /* PX */ = {
			isa = PBXGroup;
			children = (
				D59B97FE22A3CF670053FD57 /* WW */,
				05056ADC22A3833B006F7A59 /* sdwVCS */,
				DC4D9102224325B80068AD05 /* PXTabbarViewController.swift */,
				DC4D9104224333810068AD05 /* PXTabbarView.swift */,
				DC4D91062243339D0068AD05 /* PXTabbarView.xib */,
				050FFA6322A3E42D00C19A67 /* SDWViewController.swift */,
				050FFA6422A3E42D00C19A67 /* SDWViewController.xib */,
			);
			path = PX;
			sourceTree = "<group>";
		};
		E552BD72BF5FB079A84E3A21 /* Frameworks */ = {
			isa = PBXGroup;
			children = (
				0DB6EDBCC5AA23898E3275F0 /* Pods_ZhengHeFramework.framework */,
			);
			name = Frameworks;
			sourceTree = "<group>";
		};
/* End PBXGroup section */

/* Begin PBXNativeTarget section */
		DC4D90A622427E1E0068AD05 /* ZhengHeFramework */ = {
			isa = PBXNativeTarget;
			buildConfigurationList = DC4D90B922427E1F0068AD05 /* Build configuration list for PBXNativeTarget "ZhengHeFramework" */;
			buildPhases = (
				D1F5DD3DC00BB47C84C5B306 /* [CP] Check Pods Manifest.lock */,
				DC4D90A322427E1E0068AD05 /* Sources */,
				DC4D90A422427E1E0068AD05 /* Frameworks */,
				DC4D90A522427E1E0068AD05 /* Resources */,
				1453D3ABEB1F101867B572EF /* [CP] Embed Pods Frameworks */,
				D52BC5CC22A61D6900FA2D03 /* Embed Frameworks */,
			);
			buildRules = (
			);
			dependencies = (
			);
			name = ZhengHeFramework;
			productName = ZhengHeFramework;
			productReference = DC4D90A722427E1E0068AD05 /* ZhengHeFramework.app */;
			productType = "com.apple.product-type.application";
		};
/* End PBXNativeTarget section */

/* Begin PBXProject section */
		DC4D909F22427E1E0068AD05 /* Project object */ = {
			isa = PBXProject;
			attributes = {
				LastSwiftUpdateCheck = 1010;
				LastUpgradeCheck = 1010;
				ORGANIZATIONNAME = houjianan;
				TargetAttributes = {
					DC4D90A622427E1E0068AD05 = {
						CreatedOnToolsVersion = 10.1;
					};
				};
			};
			buildConfigurationList = DC4D90A222427E1E0068AD05 /* Build configuration list for PBXProject "ZhengHeFramework" */;
			compatibilityVersion = "Xcode 9.3";
			developmentRegion = en;
			hasScannedForEncodings = 0;
			knownRegions = (
				en,
				Base,
			);
			mainGroup = DC4D909E22427E1E0068AD05;
			productRefGroup = DC4D90A822427E1E0068AD05 /* Products */;
			projectDirPath = "";
			projectRoot = "";
			targets = (
				DC4D90A622427E1E0068AD05 /* ZhengHeFramework */,
			);
		};
/* End PBXProject section */

/* Begin PBXResourcesBuildPhase section */
		DC4D90A522427E1E0068AD05 /* Resources */ = {
			isa = PBXResourcesBuildPhase;
			buildActionMask = 2147483647;
			files = (
				05F1D6C722A6452E00709B3E /* GAWaterImageViewController.xib in Resources */,
				D52BC5D022A6252600FA2D03 /* GANormalizeRequestViewController.xib in Resources */,
				DC4D90F7224282880068AD05 /* GANormalizeTabbarView.xib in Resources */,
				050FFA6622A3E42D00C19A67 /* SDWViewController.xib in Resources */,
				050FFA6B22A3E48C00C19A67 /* YYCardIOViewController.xib in Resources */,
				050FFA8322A3ED1400C19A67 /* slide_img2.jpg in Resources */,
				05132D0122A4BBAD00A5D9F3 /* BaseMenuHeaderTitleView.xib in Resources */,
				D534659B22A8C377006B0937 /* GANormalizeAlertsViewController.xib in Resources */,
				05056B2222A3B1EE006F7A59 /* GAMessageViewController.xib in Resources */,
				05056B1A22A3B125006F7A59 /* YYADCellView.xib in Resources */,
				D59B982822A3D3960053FD57 /* img_001.jpg in Resources */,
				050FFA7522A3EACB00C19A67 /* YYReuseCollectionCell.xib in Resources */,
				050FFA6F22A3EA7D00C19A67 /* GANormalizeCircleViewController.xib in Resources */,
				DC4D90B522427E1F0068AD05 /* LaunchScreen.storyboard in Resources */,
				DC4D90B222427E1F0068AD05 /* Assets.xcassets in Resources */,
				050FFA8422A3ED1400C19A67 /* slide_img1.jpg in Resources */,
				DC4D90F5224282880068AD05 /* GANormalizeNavigationView.xib in Resources */,
				D59B981722A3D2350053FD57 /* GATagCollectionViewCell.xib in Resources */,
				050FFA1622A3C6B000C19A67 /* GAButtonViewController.xib in Resources */,
				D59B980B22A3D12E0053FD57 /* YYNewPaperCell.xib in Resources */,
				050FFA7E22A3EB1F00C19A67 /* GAPageControlCell.xib in Resources */,
				D59B982622A3D3960053FD57 /* img_003.jpg in Resources */,
				05056AC922A3820B006F7A59 /* GANormalizeScanViewController.xib in Resources */,
				05132D0622A4C01F00A5D9F3 /* ZHMenuScrollItemCell.xib in Resources */,
				DC4D91072243339D0068AD05 /* PXTabbarView.xib in Resources */,
				05056B0A22A3AE0A006F7A59 /* CodeScan.bundle in Resources */,
				050FFA2622A3CAF300C19A67 /* GATextViewAndTextFieldViewController.xib in Resources */,
				DC4D90B022427E1E0068AD05 /* Main.storyboard in Resources */,
				D59B982722A3D3960053FD57 /* img_002.jpg in Resources */,
			);
			runOnlyForDeploymentPostprocessing = 0;
		};
/* End PBXResourcesBuildPhase section */

/* Begin PBXShellScriptBuildPhase section */
		1453D3ABEB1F101867B572EF /* [CP] Embed Pods Frameworks */ = {
			isa = PBXShellScriptBuildPhase;
			buildActionMask = 2147483647;
			files = (
			);
			inputFileListPaths = (
			);
			inputPaths = (
				"${SRCROOT}/Pods/Target Support Files/Pods-ZhengHeFramework/Pods-ZhengHeFramework-frameworks.sh",
				"${BUILT_PRODUCTS_DIR}/Alamofire/Alamofire.framework",
				"${BUILT_PRODUCTS_DIR}/HandyJSON/HandyJSON.framework",
			);
			name = "[CP] Embed Pods Frameworks";
			outputFileListPaths = (
			);
			outputPaths = (
				"${TARGET_BUILD_DIR}/${FRAMEWORKS_FOLDER_PATH}/Alamofire.framework",
				"${TARGET_BUILD_DIR}/${FRAMEWORKS_FOLDER_PATH}/HandyJSON.framework",
			);
			runOnlyForDeploymentPostprocessing = 0;
			shellPath = /bin/sh;
			shellScript = "\"${SRCROOT}/Pods/Target Support Files/Pods-ZhengHeFramework/Pods-ZhengHeFramework-frameworks.sh\"\n";
			showEnvVarsInLog = 0;
		};
		D1F5DD3DC00BB47C84C5B306 /* [CP] Check Pods Manifest.lock */ = {
			isa = PBXShellScriptBuildPhase;
			buildActionMask = 2147483647;
			files = (
			);
			inputFileListPaths = (
			);
			inputPaths = (
				"${PODS_PODFILE_DIR_PATH}/Podfile.lock",
				"${PODS_ROOT}/Manifest.lock",
			);
			name = "[CP] Check Pods Manifest.lock";
			outputFileListPaths = (
			);
			outputPaths = (
				"$(DERIVED_FILE_DIR)/Pods-ZhengHeFramework-checkManifestLockResult.txt",
			);
			runOnlyForDeploymentPostprocessing = 0;
			shellPath = /bin/sh;
			shellScript = "diff \"${PODS_PODFILE_DIR_PATH}/Podfile.lock\" \"${PODS_ROOT}/Manifest.lock\" > /dev/null\nif [ $? != 0 ] ; then\n    # print error to STDERR\n    echo \"error: The sandbox is not in sync with the Podfile.lock. Run 'pod install' or update your CocoaPods installation.\" >&2\n    exit 1\nfi\n# This output is used by Xcode 'outputs' to avoid re-running this script phase.\necho \"SUCCESS\" > \"${SCRIPT_OUTPUT_FILE_0}\"\n";
			showEnvVarsInLog = 0;
		};
/* End PBXShellScriptBuildPhase section */

/* Begin PBXSourcesBuildPhase section */
		DC4D90A322427E1E0068AD05 /* Sources */ = {
			isa = PBXSourcesBuildPhase;
			buildActionMask = 2147483647;
			files = (
				050FFA6E22A3EA7D00C19A67 /* GANormalizeCircleViewController.swift in Sources */,
				DC4D90F1224282880068AD05 /* GANormalizeOther+Class.swift in Sources */,
				D52BC5E322A6256F00FA2D03 /* ZHRequest+Enum.swift in Sources */,
				D59B980A22A3D12E0053FD57 /* YYNewPaperConfig.swift in Sources */,
				05056B1B22A3B125006F7A59 /* YYADViewModel.swift in Sources */,
				050FFA6522A3E42D00C19A67 /* SDWViewController.swift in Sources */,
				DC4D90F9224282880068AD05 /* YYXibTabBarItem.swift in Sources */,
				D52FBB3B2313BB5200F5C4E9 /* CTMediator.m in Sources */,
				050FFA7622A3EACB00C19A67 /* YYReuseCollectionView.swift in Sources */,
				DC4D90F2224282880068AD05 /* GANormalizeOther+Enum.swift in Sources */,
				D55AAE9922A64288009DCD29 /* ZHStorageModel.swift in Sources */,
				D59B981B22A3D25B0053FD57 /* GATagFlowLayout.swift in Sources */,
				DC4D9105224333810068AD05 /* PXTabbarView.swift in Sources */,
				D59B980F22A3D15C0053FD57 /* YYCountDown.swift in Sources */,
				DC4D90F4224282880068AD05 /* GANormalizeOther.swift in Sources */,
				050FFA7D22A3EB1F00C19A67 /* GAPageControl.swift in Sources */,
				D59B981422A3D1DA0053FD57 /* GATagCollectionViewController.swift in Sources */,
				DC4D90FF224282880068AD05 /* GANormalizeBaseProtocol.swift in Sources */,
				05F1D6C322A6434000709B3E /* UIImage+Extension.swift in Sources */,
				D52BC5E022A6256F00FA2D03 /* PXRequest.swift in Sources */,
				D52BC5E222A6256F00FA2D03 /* ZHRequest+URL.swift in Sources */,
				D52FBB632313CB6500F5C4E9 /* BViewController.m in Sources */,
				D59B980C22A3D12E0053FD57 /* YYNewPaperView.swift in Sources */,
				05132D0022A4BBAD00A5D9F3 /* BaseMenuHeaderTitleView.swift in Sources */,
				05056B0E22A3AE0A006F7A59 /* LBXScanView.swift in Sources */,
				05056B2422A3B2BF006F7A59 /* UIView+Extension.swift in Sources */,
				D52BC5DF22A6256F00FA2D03 /* ZHModel.swift in Sources */,
				05132D0522A4C01F00A5D9F3 /* ZHMenuScrollItemCell.swift in Sources */,
				DC4D90F3224282880068AD05 /* GANormalizeOther+Extension.swift in Sources */,
				D52BC5E622A6256F00FA2D03 /* ZHConfig.swift in Sources */,
				05056B0C22A3AE0A006F7A59 /* LBXScanLineAnimation.swift in Sources */,
				D52BC5E522A6256F00FA2D03 /* ZHRequest+AppDelegate.swift in Sources */,
				D52FBB3C2313BB5200F5C4E9 /* CTMediatorDemoListViewController.swift in Sources */,
				05132CF422A4B83F00A5D9F3 /* PXTestMenuViewController.swift in Sources */,
				050FFA7822A3EAE800C19A67 /* UIColor+Extension.swift in Sources */,
				05056B2622A3B317006F7A59 /* NSObject+Extension.swift in Sources */,
				05056B1922A3B125006F7A59 /* YYADCellView.swift in Sources */,
				D59B981122A3D1740053FD57 /* UICollectionView+Extension.swift in Sources */,
				D52BC5DE22A6256F00FA2D03 /* ZHRequest+Api.swift in Sources */,
				05056B0B22A3AE0A006F7A59 /* LBXPermissions.swift in Sources */,
				05056AFF22A3AB49006F7A59 /* UITableViewCell+Extension.swift in Sources */,
				050FFA7C22A3EB1F00C19A67 /* GAPageControlCell.swift in Sources */,
				DC4D90AD22427E1E0068AD05 /* ViewController.swift in Sources */,
				D59B980022A3CF800053FD57 /* WWTestListVc.swift in Sources */,
				05056B1C22A3B125006F7A59 /* YYADViewOther.swift in Sources */,
				050FFA2222A3CA8400C19A67 /* GANormalizeTextView.swift in Sources */,
				DC4D90F6224282880068AD05 /* GANormalizeNavigationView.swift in Sources */,
				05056B1D22A3B125006F7A59 /* YYScrollADView.swift in Sources */,
				05056AFE22A3AB49006F7A59 /* UITableView+Extension.swift in Sources */,
				05056B1022A3AE0A006F7A59 /* LBXScanViewStyle.swift in Sources */,
				D52BC5D122A6252600FA2D03 /* GANormalizeRequestViewController.swift in Sources */,
				DC4D90F8224282880068AD05 /* GANormalizeTabbarView.swift in Sources */,
				050FFA2522A3CAF300C19A67 /* GATextViewAndTextFieldViewController.swift in Sources */,
				050FFA6A22A3E48C00C19A67 /* YYCardIOViewController.swift in Sources */,
				DC4D90FE224282880068AD05 /* GANormalizeBaseTableViewController.swift in Sources */,
				D534659C22A8C377006B0937 /* GANormalizeAlertsViewController.swift in Sources */,
				D59B981822A3D2350053FD57 /* GATagCollectionViewCell.swift in Sources */,
				D55AAE9822A64288009DCD29 /* ZHStorage.swift in Sources */,
				050FFA1B22A3C6DE00C19A67 /* GANormalizeIconButton.swift in Sources */,
				D55AAE9D22A64288009DCD29 /* GAPlistManager.swift in Sources */,
				05132CEB22A4B64000A5D9F3 /* GANormalizeBaseMenuViewController.swift in Sources */,
				050FFA2122A3CA8400C19A67 /* GANormalizeTextField.swift in Sources */,
				D52BC5E422A6256F00FA2D03 /* ZHRequest.swift in Sources */,
				D55AAE9A22A64288009DCD29 /* GAJSON.swift in Sources */,
				DC4D9103224325B80068AD05 /* PXTabbarViewController.swift in Sources */,
				D52FBB562313BD6D00F5C4E9 /* AViewController.swift in Sources */,
				D52BC5E122A6256F00FA2D03 /* ZHRequest+Extension.swift in Sources */,
				05056B2122A3B1EE006F7A59 /* GAMessageViewController.swift in Sources */,
				D55AAE9B22A64288009DCD29 /* GAStorageModel.swift in Sources */,
				DC4D90FC224282880068AD05 /* GANormalizeTabBarViewController.swift in Sources */,
				05056B1E22A3B125006F7A59 /* YYTableADView.swift in Sources */,
				DC4D90FB224282880068AD05 /* GANormalizeBaseViewController.swift in Sources */,
				D59B980D22A3D12E0053FD57 /* YYNewPaperCell.swift in Sources */,
				05056AC822A3820B006F7A59 /* GANormalizeScanViewController.swift in Sources */,
				050FFA2022A3CA8400C19A67 /* GANormalizeTextEditProtocol.swift in Sources */,
				05056B0F22A3AE0A006F7A59 /* LBXScanViewController.swift in Sources */,
				D52FBB532313BC7B00F5C4E9 /* A_Extension.swift in Sources */,
				DC4D90FA224282880068AD05 /* GANormalizeNavigationViewController.swift in Sources */,
				D52FBB512313BC7B00F5C4E9 /* Target_A.swift in Sources */,
				D52BC5E722A6256F00FA2D03 /* ZHRequest+Log.swift in Sources */,
				050FFA7422A3EACB00C19A67 /* YYReuseCollectionCell.swift in Sources */,
				05132D0222A4BBAD00A5D9F3 /* ZHMenuBarMoreLineView.swift in Sources */,
				05056B1122A3AE0A006F7A59 /* LBXScanWrapper.swift in Sources */,
				D59B980322A3D0BF0053FD57 /* GANormailizeNewPaperViewController.swift in Sources */,
				050FFA1522A3C6B000C19A67 /* GAButtonViewController.swift in Sources */,
				05F1D6C622A6452E00709B3E /* GAWaterImageViewController.swift in Sources */,
				DC4D90AB22427E1E0068AD05 /* AppDelegate.swift in Sources */,
				D55AAE9C22A64288009DCD29 /* GAStorage.swift in Sources */,
				050FFA1A22A3C6DE00C19A67 /* GANormalizeButton.swift in Sources */,
				05056B0D22A3AE0A006F7A59 /* LBXScanNetAnimation.swift in Sources */,
				DC4D90FD224282880068AD05 /* GANormalizeBaseCollectionViewController.swift in Sources */,
			);
			runOnlyForDeploymentPostprocessing = 0;
		};
/* End PBXSourcesBuildPhase section */

/* Begin PBXVariantGroup section */
		DC4D90AE22427E1E0068AD05 /* Main.storyboard */ = {
			isa = PBXVariantGroup;
			children = (
				DC4D90AF22427E1E0068AD05 /* Base */,
			);
			name = Main.storyboard;
			sourceTree = "<group>";
		};
		DC4D90B322427E1F0068AD05 /* LaunchScreen.storyboard */ = {
			isa = PBXVariantGroup;
			children = (
				DC4D90B422427E1F0068AD05 /* Base */,
			);
			name = LaunchScreen.storyboard;
			sourceTree = "<group>";
		};
/* End PBXVariantGroup section */

/* Begin XCBuildConfiguration section */
		DC4D90B722427E1F0068AD05 /* Debug */ = {
			isa = XCBuildConfiguration;
			buildSettings = {
				ALWAYS_SEARCH_USER_PATHS = NO;
				CLANG_ANALYZER_NONNULL = YES;
				CLANG_ANALYZER_NUMBER_OBJECT_CONVERSION = YES_AGGRESSIVE;
				CLANG_CXX_LANGUAGE_STANDARD = "gnu++14";
				CLANG_CXX_LIBRARY = "libc++";
				CLANG_ENABLE_MODULES = YES;
				CLANG_ENABLE_OBJC_ARC = YES;
				CLANG_ENABLE_OBJC_WEAK = YES;
				CLANG_WARN_BLOCK_CAPTURE_AUTORELEASING = YES;
				CLANG_WARN_BOOL_CONVERSION = YES;
				CLANG_WARN_COMMA = YES;
				CLANG_WARN_CONSTANT_CONVERSION = YES;
				CLANG_WARN_DEPRECATED_OBJC_IMPLEMENTATIONS = YES;
				CLANG_WARN_DIRECT_OBJC_ISA_USAGE = YES_ERROR;
				CLANG_WARN_DOCUMENTATION_COMMENTS = YES;
				CLANG_WARN_EMPTY_BODY = YES;
				CLANG_WARN_ENUM_CONVERSION = YES;
				CLANG_WARN_INFINITE_RECURSION = YES;
				CLANG_WARN_INT_CONVERSION = YES;
				CLANG_WARN_NON_LITERAL_NULL_CONVERSION = YES;
				CLANG_WARN_OBJC_IMPLICIT_RETAIN_SELF = YES;
				CLANG_WARN_OBJC_LITERAL_CONVERSION = YES;
				CLANG_WARN_OBJC_ROOT_CLASS = YES_ERROR;
				CLANG_WARN_RANGE_LOOP_ANALYSIS = YES;
				CLANG_WARN_STRICT_PROTOTYPES = YES;
				CLANG_WARN_SUSPICIOUS_MOVE = YES;
				CLANG_WARN_UNGUARDED_AVAILABILITY = YES_AGGRESSIVE;
				CLANG_WARN_UNREACHABLE_CODE = YES;
				CLANG_WARN__DUPLICATE_METHOD_MATCH = YES;
				CODE_SIGN_IDENTITY = "iPhone Developer";
				COPY_PHASE_STRIP = NO;
				DEBUG_INFORMATION_FORMAT = dwarf;
				ENABLE_STRICT_OBJC_MSGSEND = YES;
				ENABLE_TESTABILITY = YES;
				GCC_C_LANGUAGE_STANDARD = gnu11;
				GCC_DYNAMIC_NO_PIC = NO;
				GCC_NO_COMMON_BLOCKS = YES;
				GCC_OPTIMIZATION_LEVEL = 0;
				GCC_PREPROCESSOR_DEFINITIONS = (
					"DEBUG=1",
					"$(inherited)",
				);
				GCC_WARN_64_TO_32_BIT_CONVERSION = YES;
				GCC_WARN_ABOUT_RETURN_TYPE = YES_ERROR;
				GCC_WARN_UNDECLARED_SELECTOR = YES;
				GCC_WARN_UNINITIALIZED_AUTOS = YES_AGGRESSIVE;
				GCC_WARN_UNUSED_FUNCTION = YES;
				GCC_WARN_UNUSED_VARIABLE = YES;
				IPHONEOS_DEPLOYMENT_TARGET = 9.0;
				MTL_ENABLE_DEBUG_INFO = INCLUDE_SOURCE;
				MTL_FAST_MATH = YES;
				ONLY_ACTIVE_ARCH = YES;
				SDKROOT = iphoneos;
				SWIFT_ACTIVE_COMPILATION_CONDITIONS = DEBUG;
				SWIFT_OPTIMIZATION_LEVEL = "-Onone";
				SWIFT_VERSION = 4.2;
			};
			name = Debug;
		};
		DC4D90B822427E1F0068AD05 /* Release */ = {
			isa = XCBuildConfiguration;
			buildSettings = {
				ALWAYS_SEARCH_USER_PATHS = NO;
				CLANG_ANALYZER_NONNULL = YES;
				CLANG_ANALYZER_NUMBER_OBJECT_CONVERSION = YES_AGGRESSIVE;
				CLANG_CXX_LANGUAGE_STANDARD = "gnu++14";
				CLANG_CXX_LIBRARY = "libc++";
				CLANG_ENABLE_MODULES = YES;
				CLANG_ENABLE_OBJC_ARC = YES;
				CLANG_ENABLE_OBJC_WEAK = YES;
				CLANG_WARN_BLOCK_CAPTURE_AUTORELEASING = YES;
				CLANG_WARN_BOOL_CONVERSION = YES;
				CLANG_WARN_COMMA = YES;
				CLANG_WARN_CONSTANT_CONVERSION = YES;
				CLANG_WARN_DEPRECATED_OBJC_IMPLEMENTATIONS = YES;
				CLANG_WARN_DIRECT_OBJC_ISA_USAGE = YES_ERROR;
				CLANG_WARN_DOCUMENTATION_COMMENTS = YES;
				CLANG_WARN_EMPTY_BODY = YES;
				CLANG_WARN_ENUM_CONVERSION = YES;
				CLANG_WARN_INFINITE_RECURSION = YES;
				CLANG_WARN_INT_CONVERSION = YES;
				CLANG_WARN_NON_LITERAL_NULL_CONVERSION = YES;
				CLANG_WARN_OBJC_IMPLICIT_RETAIN_SELF = YES;
				CLANG_WARN_OBJC_LITERAL_CONVERSION = YES;
				CLANG_WARN_OBJC_ROOT_CLASS = YES_ERROR;
				CLANG_WARN_RANGE_LOOP_ANALYSIS = YES;
				CLANG_WARN_STRICT_PROTOTYPES = YES;
				CLANG_WARN_SUSPICIOUS_MOVE = YES;
				CLANG_WARN_UNGUARDED_AVAILABILITY = YES_AGGRESSIVE;
				CLANG_WARN_UNREACHABLE_CODE = YES;
				CLANG_WARN__DUPLICATE_METHOD_MATCH = YES;
				CODE_SIGN_IDENTITY = "iPhone Developer";
				COPY_PHASE_STRIP = NO;
				DEBUG_INFORMATION_FORMAT = "dwarf-with-dsym";
				ENABLE_NS_ASSERTIONS = NO;
				ENABLE_STRICT_OBJC_MSGSEND = YES;
				GCC_C_LANGUAGE_STANDARD = gnu11;
				GCC_NO_COMMON_BLOCKS = YES;
				GCC_WARN_64_TO_32_BIT_CONVERSION = YES;
				GCC_WARN_ABOUT_RETURN_TYPE = YES_ERROR;
				GCC_WARN_UNDECLARED_SELECTOR = YES;
				GCC_WARN_UNINITIALIZED_AUTOS = YES_AGGRESSIVE;
				GCC_WARN_UNUSED_FUNCTION = YES;
				GCC_WARN_UNUSED_VARIABLE = YES;
				IPHONEOS_DEPLOYMENT_TARGET = 9.0;
				MTL_ENABLE_DEBUG_INFO = NO;
				MTL_FAST_MATH = YES;
				SDKROOT = iphoneos;
				SWIFT_COMPILATION_MODE = wholemodule;
				SWIFT_OPTIMIZATION_LEVEL = "-O";
				SWIFT_VERSION = 4.2;
				VALIDATE_PRODUCT = YES;
			};
			name = Release;
		};
		DC4D90BA22427E1F0068AD05 /* Debug */ = {
			isa = XCBuildConfiguration;
			baseConfigurationReference = 908D280517F50F405C690CB5 /* Pods-ZhengHeFramework.debug.xcconfig */;
			buildSettings = {
				ASSETCATALOG_COMPILER_APPICON_NAME = AppIcon;
				CODE_SIGN_STYLE = Automatic;
				DEVELOPMENT_TEAM = HGA4995V4J;
				FRAMEWORK_SEARCH_PATHS = (
					"$(inherited)",
					"$(PROJECT_DIR)/ZhengHeFramework/ZhengHeFramework/Base/BaseThirdFramework/baiduLIb",
				);
				INFOPLIST_FILE = ZhengHeFramework/Info.plist;
				IPHONEOS_DEPLOYMENT_TARGET = 9.0;
				LD_RUNPATH_SEARCH_PATHS = (
					"$(inherited)",
					"@executable_path/Frameworks",
				);
				PRODUCT_BUNDLE_IDENTIFIER = houjianan.ZhengHeFramework;
				PRODUCT_NAME = "$(TARGET_NAME)";
				SWIFT_OBJC_BRIDGING_HEADER = "$SRCROOT/ZhengHeFramework/Project-Bridge.h";
				SWIFT_VERSION = 4.2;
				TARGETED_DEVICE_FAMILY = "1,2";
			};
			name = Debug;
		};
		DC4D90BB22427E1F0068AD05 /* Release */ = {
			isa = XCBuildConfiguration;
			baseConfigurationReference = B3CFEEB15F8DEE317EF6462E /* Pods-ZhengHeFramework.release.xcconfig */;
			buildSettings = {
				ASSETCATALOG_COMPILER_APPICON_NAME = AppIcon;
				CODE_SIGN_STYLE = Automatic;
				DEVELOPMENT_TEAM = HGA4995V4J;
				FRAMEWORK_SEARCH_PATHS = (
					"$(inherited)",
					"$(PROJECT_DIR)/ZhengHeFramework/ZhengHeFramework/Base/BaseThirdFramework/baiduLIb",
				);
				INFOPLIST_FILE = ZhengHeFramework/Info.plist;
				IPHONEOS_DEPLOYMENT_TARGET = 9.0;
				LD_RUNPATH_SEARCH_PATHS = (
					"$(inherited)",
					"@executable_path/Frameworks",
				);
				PRODUCT_BUNDLE_IDENTIFIER = houjianan.ZhengHeFramework;
				PRODUCT_NAME = "$(TARGET_NAME)";
				SWIFT_OBJC_BRIDGING_HEADER = "$SRCROOT/ZhengHeFramework/Project-Bridge.h";
				SWIFT_VERSION = 4.2;
				TARGETED_DEVICE_FAMILY = "1,2";
			};
			name = Release;
		};
/* End XCBuildConfiguration section */

/* Begin XCConfigurationList section */
		DC4D90A222427E1E0068AD05 /* Build configuration list for PBXProject "ZhengHeFramework" */ = {
			isa = XCConfigurationList;
			buildConfigurations = (
				DC4D90B722427E1F0068AD05 /* Debug */,
				DC4D90B822427E1F0068AD05 /* Release */,
			);
			defaultConfigurationIsVisible = 0;
			defaultConfigurationName = Release;
		};
		DC4D90B922427E1F0068AD05 /* Build configuration list for PBXNativeTarget "ZhengHeFramework" */ = {
			isa = XCConfigurationList;
			buildConfigurations = (
				DC4D90BA22427E1F0068AD05 /* Debug */,
				DC4D90BB22427E1F0068AD05 /* Release */,
			);
			defaultConfigurationIsVisible = 0;
			defaultConfigurationName = Release;
		};
/* End XCConfigurationList section */
	};
	rootObject = DC4D909F22427E1E0068AD05 /* Project object */;
}
